lockfileVersion: '9.0'

settings:
  autoInstallPeers: true
  excludeLinksFromLockfile: false

importers:

  .:
    devDependencies:
      '@codama/nodes-from-anchor':
        specifier: ^1.3.6
        version: 1.3.6(fastestsmallesttextencoderdecoder@1.0.22)(typescript@5.9.3)
      '@codama/renderers-js':
        specifier: ^1.4
        version: 1.4.3(fastestsmallesttextencoderdecoder@1.0.22)(typescript@5.9.3)
      '@codama/renderers-rust':
        specifier: ~1.0
        version: 1.0.16(fastestsmallesttextencoderdecoder@1.0.22)(typescript@5.9.3)
      '@iarna/toml':
        specifier: ^2.2.5
        version: 2.2.5
      codama:
        specifier: ^1.4
        version: 1.4.4
      tsx:
        specifier: ^4.21.0
        version: 4.21.0
      typescript:
        specifier: ^5.9.3
        version: 5.9.3
      zx:
        specifier: ^8.8.5
        version: 8.8.5

packages:

  '@codama/cli@1.4.3':
    resolution: {integrity: sha512-I6EdKY0e/6OFQpPgwa+qnts/dpWESIXRg0Zmwd6LR7WIL+6tOV1MYMbhrkYCGxxp1N0zkEiMShc9U6m7wj8oew==}
    hasBin: true

  '@codama/errors@1.2.8':
    resolution: {integrity: sha512-TVPf7oJpbHtxdu52ruftJX+DlTNWi7D65tasysqs7mfRKoiZKzmkatr5hqidBz/M9WzCddUeFAHL9ZiW6g9Ccg==}
    hasBin: true

  '@codama/errors@1.3.7':
    resolution: {integrity: sha512-96BF8agDVc2vAgL4qw1lZZfuJ7XBefdzTBk2VOUnOhdMQiLb0QhJCC4BH88OcL+rZXQdet4pk7Qwarj1I1GFKg==}
    hasBin: true

  '@codama/errors@1.4.4':
    resolution: {integrity: sha512-XC86H5X+zGTi0cSRKLc+wFkeXNsvnh+ttOgVnVHIljmXOJWbUt9wXhKding3UftipLWwlHPuoswERJ0vS0mO2A==}
    hasBin: true

  '@codama/node-types@1.2.8':
    resolution: {integrity: sha512-PEvPLMN3QGJvkwsQ7R9DmAtdazQXN0RD9WYlmHyeiR4nathV0qy9nZGFDoRh5nbNfPkbeLTgL5o3zAoeeRP6GQ==}

  '@codama/node-types@1.3.7':
    resolution: {integrity: sha512-L9UTFfoeki5t+BYJAa4OMsqBPpbMbx8YJQar+55mYcjwGlJsKJW7mRfLYvwEFkCUYyLdNva40OVmTf88jccZCA==}

  '@codama/node-types@1.4.4':
    resolution: {integrity: sha512-uUeIz34Id/TTAMi4k5OVl9FByM/PawnlNIIVqgpooH9AS0UlniICZ+KJ/mdHZidJs/AGo6bSRoOPS1BLtMajyw==}

  '@codama/nodes-from-anchor@1.3.6':
    resolution: {integrity: sha512-614DZS9H5gW16Rkeu0ES8BHnDvbd8M9FLqPWnp9QUE0b+wCvWB36yZiRylJ4fw8gRDSc+FR7C2i3NXKycpvBEg==}

  '@codama/nodes@1.2.8':
    resolution: {integrity: sha512-tCi7KErG2ChQr5n3Nj3dwciFmUo3O8RQ+S4Qv23w1zvYLaGwhEvdg3KRtgCGEI0wr9uvm2QtTBM670kdLntZiQ==}

  '@codama/nodes@1.3.7':
    resolution: {integrity: sha512-3OV6SIBcqsIDARyzZVGdfnffNlnKSYcb0aGp/9Liz5/EID0oBTIyuh/Cmj5Ww6RX4WPb+GNAxABAGW94zbcfQg==}

  '@codama/nodes@1.4.4':
    resolution: {integrity: sha512-JzlY5qLk3rhsnu0nerC/Vkc9/2HjdsLtEpBtST0dxC1j9kpfHvIc2uyIj+5hlB1YIBRJIDNo+UOHGla8hidkaA==}

  '@codama/renderers-core@1.0.10':
    resolution: {integrity: sha512-7NwoyP2j1cZKgHCrd1RRn891gtxpZeiXNSP3aCFdVsRPW8dDNUL1sJ1SNOF9ILHfNP77clCBtL3eoZIFdeNQAg==}

  '@codama/renderers-core@1.2.2':
    resolution: {integrity: sha512-dPyHgn5L45G+tWP17ITvOlpX3+s2FcJHMjAhFZlmUHAJpH/wl+UsUwuWg698iSb56Er2jUwqX7srw5iZf7XHjQ==}

  '@codama/renderers-js@1.4.3':
    resolution: {integrity: sha512-FC/wba6IZayKeWk710XP0OJN50kf9B6cVQGo6uXb8M8hMw9qjSJLDPwpou57Y0V7tja3kjTFPBb3I9zHheeDtQ==}
    engines: {node: '>=20.18.0'}

  '@codama/renderers-rust@1.0.16':
    resolution: {integrity: sha512-pFHwHN6X4Yuk26Yfh+VT9Ps1i/QEjuK3EoT8BpsCTATOk6ntJNqyD5aQngG2lE4KWx3uQrCYYbQEAN4vG6v+EA==}

  '@codama/validators@1.4.4':
    resolution: {integrity: sha512-IbSOrfoR4R5oKs3euydfujCbJoOAr/ngjsvJ4VQM2Q/bTOcfdlsG3NvJF0ny/yq1Jvmi8Su9cl1pzDCumJpHAA==}

  '@codama/visitors-core@1.2.8':
    resolution: {integrity: sha512-sYmZT2Z6Goacgr/HrAhjLSGtu2Udcal10tEfYN8ZJBXs34PGPu0oWOC8kFx7CxvmAvt/6mw8NhKIPtg/UaIKHw==}

  '@codama/visitors-core@1.3.7':
    resolution: {integrity: sha512-B1JnzhRDJiLxewha/F3YzeEp8Zrtd7eKiGNJFJHSPufAnIVm2lQUDaKS+OrAOHnSRmRKIAVdzfpFpdz6EM0N6Q==}

  '@codama/visitors-core@1.4.4':
    resolution: {integrity: sha512-vk/4tczViAUHa7c8PF7FxN+JWbuTcDB0pIdrDbbO6eBPKDPQGZCUCEp6rXIYBVxfO129jWrNf2+CuyYre/c/vA==}

  '@codama/visitors@1.4.4':
    resolution: {integrity: sha512-3w2aRNvGV6/rXTfRDynXR82zoAqX0P4tlfQ/zT4I4Bby4xTobKgDZLyAstodmA0D878eKW7sMg4Gb1m1R5dOig==}

  '@esbuild/aix-ppc64@0.27.0':
    resolution: {integrity: sha512-KuZrd2hRjz01y5JK9mEBSD3Vj3mbCvemhT466rSuJYeE/hjuBrHfjjcjMdTm/sz7au+++sdbJZJmuBwQLuw68A==}
    engines: {node: '>=18'}
    cpu: [ppc64]
    os: [aix]

  '@esbuild/android-arm64@0.27.0':
    resolution: {integrity: sha512-CC3vt4+1xZrs97/PKDkl0yN7w8edvU2vZvAFGD16n9F0Cvniy5qvzRXjfO1l94efczkkQE6g1x0i73Qf5uthOQ==}
    engines: {node: '>=18'}
    cpu: [arm64]
    os: [android]

  '@esbuild/android-arm@0.27.0':
    resolution: {integrity: sha512-j67aezrPNYWJEOHUNLPj9maeJte7uSMM6gMoxfPC9hOg8N02JuQi/T7ewumf4tNvJadFkvLZMlAq73b9uwdMyQ==}
    engines: {node: '>=18'}
    cpu: [arm]
    os: [android]

  '@esbuild/android-x64@0.27.0':
    resolution: {integrity: sha512-wurMkF1nmQajBO1+0CJmcN17U4BP6GqNSROP8t0X/Jiw2ltYGLHpEksp9MpoBqkrFR3kv2/te6Sha26k3+yZ9Q==}
    engines: {node: '>=18'}
    cpu: [x64]
    os: [android]

  '@esbuild/darwin-arm64@0.27.0':
    resolution: {integrity: sha512-uJOQKYCcHhg07DL7i8MzjvS2LaP7W7Pn/7uA0B5S1EnqAirJtbyw4yC5jQ5qcFjHK9l6o/MX9QisBg12kNkdHg==}
    engines: {node: '>=18'}
    cpu: [arm64]
    os: [darwin]

  '@esbuild/darwin-x64@0.27.0':
    resolution: {integrity: sha512-8mG6arH3yB/4ZXiEnXof5MK72dE6zM9cDvUcPtxhUZsDjESl9JipZYW60C3JGreKCEP+p8P/72r69m4AZGJd5g==}
    engines: {node: '>=18'}
    cpu: [x64]
    os: [darwin]

  '@esbuild/freebsd-arm64@0.27.0':
    resolution: {integrity: sha512-9FHtyO988CwNMMOE3YIeci+UV+x5Zy8fI2qHNpsEtSF83YPBmE8UWmfYAQg6Ux7Gsmd4FejZqnEUZCMGaNQHQw==}
    engines: {node: '>=18'}
    cpu: [arm64]
    os: [freebsd]

  '@esbuild/freebsd-x64@0.27.0':
    resolution: {integrity: sha512-zCMeMXI4HS/tXvJz8vWGexpZj2YVtRAihHLk1imZj4efx1BQzN76YFeKqlDr3bUWI26wHwLWPd3rwh6pe4EV7g==}
    engines: {node: '>=18'}
    cpu: [x64]
    os: [freebsd]

  '@esbuild/linux-arm64@0.27.0':
    resolution: {integrity: sha512-AS18v0V+vZiLJyi/4LphvBE+OIX682Pu7ZYNsdUHyUKSoRwdnOsMf6FDekwoAFKej14WAkOef3zAORJgAtXnlQ==}
    engines: {node: '>=18'}
    cpu: [arm64]
    os: [linux]

  '@esbuild/linux-arm@0.27.0':
    resolution: {integrity: sha512-t76XLQDpxgmq2cNXKTVEB7O7YMb42atj2Re2Haf45HkaUpjM2J0UuJZDuaGbPbamzZ7bawyGFUkodL+zcE+jvQ==}
    engines: {node: '>=18'}
    cpu: [arm]
    os: [linux]

  '@esbuild/linux-ia32@0.27.0':
    resolution: {integrity: sha512-Mz1jxqm/kfgKkc/KLHC5qIujMvnnarD9ra1cEcrs7qshTUSksPihGrWHVG5+osAIQ68577Zpww7SGapmzSt4Nw==}
    engines: {node: '>=18'}
    cpu: [ia32]
    os: [linux]

  '@esbuild/linux-loong64@0.27.0':
    resolution: {integrity: sha512-QbEREjdJeIreIAbdG2hLU1yXm1uu+LTdzoq1KCo4G4pFOLlvIspBm36QrQOar9LFduavoWX2msNFAAAY9j4BDg==}
    engines: {node: '>=18'}
    cpu: [loong64]
    os: [linux]

  '@esbuild/linux-mips64el@0.27.0':
    resolution: {integrity: sha512-sJz3zRNe4tO2wxvDpH/HYJilb6+2YJxo/ZNbVdtFiKDufzWq4JmKAiHy9iGoLjAV7r/W32VgaHGkk35cUXlNOg==}
    engines: {node: '>=18'}
    cpu: [mips64el]
    os: [linux]

  '@esbuild/linux-ppc64@0.27.0':
    resolution: {integrity: sha512-z9N10FBD0DCS2dmSABDBb5TLAyF1/ydVb+N4pi88T45efQ/w4ohr/F/QYCkxDPnkhkp6AIpIcQKQ8F0ANoA2JA==}
    engines: {node: '>=18'}
    cpu: [ppc64]
    os: [linux]

  '@esbuild/linux-riscv64@0.27.0':
    resolution: {integrity: sha512-pQdyAIZ0BWIC5GyvVFn5awDiO14TkT/19FTmFcPdDec94KJ1uZcmFs21Fo8auMXzD4Tt+diXu1LW1gHus9fhFQ==}
    engines: {node: '>=18'}
    cpu: [riscv64]
    os: [linux]

  '@esbuild/linux-s390x@0.27.0':
    resolution: {integrity: sha512-hPlRWR4eIDDEci953RI1BLZitgi5uqcsjKMxwYfmi4LcwyWo2IcRP+lThVnKjNtk90pLS8nKdroXYOqW+QQH+w==}
    engines: {node: '>=18'}
    cpu: [s390x]
    os: [linux]

  '@esbuild/linux-x64@0.27.0':
    resolution: {integrity: sha512-1hBWx4OUJE2cab++aVZ7pObD6s+DK4mPGpemtnAORBvb5l/g5xFGk0vc0PjSkrDs0XaXj9yyob3d14XqvnQ4gw==}
    engines: {node: '>=18'}
    cpu: [x64]
    os: [linux]

  '@esbuild/netbsd-arm64@0.27.0':
    resolution: {integrity: sha512-6m0sfQfxfQfy1qRuecMkJlf1cIzTOgyaeXaiVaaki8/v+WB+U4hc6ik15ZW6TAllRlg/WuQXxWj1jx6C+dfy3w==}
    engines: {node: '>=18'}
    cpu: [arm64]
    os: [netbsd]

  '@esbuild/netbsd-x64@0.27.0':
    resolution: {integrity: sha512-xbbOdfn06FtcJ9d0ShxxvSn2iUsGd/lgPIO2V3VZIPDbEaIj1/3nBBe1AwuEZKXVXkMmpr6LUAgMkLD/4D2PPA==}
    engines: {node: '>=18'}
    cpu: [x64]
    os: [netbsd]

  '@esbuild/openbsd-arm64@0.27.0':
    resolution: {integrity: sha512-fWgqR8uNbCQ/GGv0yhzttj6sU/9Z5/Sv/VGU3F5OuXK6J6SlriONKrQ7tNlwBrJZXRYk5jUhuWvF7GYzGguBZQ==}
    engines: {node: '>=18'}
    cpu: [arm64]
    os: [openbsd]

  '@esbuild/openbsd-x64@0.27.0':
    resolution: {integrity: sha512-aCwlRdSNMNxkGGqQajMUza6uXzR/U0dIl1QmLjPtRbLOx3Gy3otfFu/VjATy4yQzo9yFDGTxYDo1FfAD9oRD2A==}
    engines: {node: '>=18'}
    cpu: [x64]
    os: [openbsd]

  '@esbuild/openharmony-arm64@0.27.0':
    resolution: {integrity: sha512-nyvsBccxNAsNYz2jVFYwEGuRRomqZ149A39SHWk4hV0jWxKM0hjBPm3AmdxcbHiFLbBSwG6SbpIcUbXjgyECfA==}
    engines: {node: '>=18'}
    cpu: [arm64]
    os: [openharmony]

  '@esbuild/sunos-x64@0.27.0':
    resolution: {integrity: sha512-Q1KY1iJafM+UX6CFEL+F4HRTgygmEW568YMqDA5UV97AuZSm21b7SXIrRJDwXWPzr8MGr75fUZPV67FdtMHlHA==}
    engines: {node: '>=18'}
    cpu: [x64]
    os: [sunos]

  '@esbuild/win32-arm64@0.27.0':
    resolution: {integrity: sha512-W1eyGNi6d+8kOmZIwi/EDjrL9nxQIQ0MiGqe/AWc6+IaHloxHSGoeRgDRKHFISThLmsewZ5nHFvGFWdBYlgKPg==}
    engines: {node: '>=18'}
    cpu: [arm64]
    os: [win32]

  '@esbuild/win32-ia32@0.27.0':
    resolution: {integrity: sha512-30z1aKL9h22kQhilnYkORFYt+3wp7yZsHWus+wSKAJR8JtdfI76LJ4SBdMsCopTR3z/ORqVu5L1vtnHZWVj4cQ==}
    engines: {node: '>=18'}
    cpu: [ia32]
    os: [win32]

  '@esbuild/win32-x64@0.27.0':
    resolution: {integrity: sha512-aIitBcjQeyOhMTImhLZmtxfdOcuNRpwlPNmlFKPcHQYPhEssw75Cl1TSXJXpMkzaua9FUetx/4OQKq7eJul5Cg==}
    engines: {node: '>=18'}
    cpu: [x64]
    os: [win32]

  '@iarna/toml@2.2.5':
    resolution: {integrity: sha512-trnsAYxU3xnS1gPHPyU961coFyLkh4gAD/0zQ5mymY4yOZ+CYvsPqUbOFSw0aDM4y0tV7tiFxL/1XfXPNC6IPg==}

  '@noble/hashes@2.0.1':
    resolution: {integrity: sha512-XlOlEbQcE9fmuXxrVTXCTlG2nlRXa9Rj3rr5Ue/+tX+nmkgbX720YHh0VR3hBF9xDvwnb8D2shVGOwNx+ulArw==}
    engines: {node: '>= 20.19.0'}

  '@solana/codecs-core@2.0.0-rc.4':
    resolution: {integrity: sha512-JIrTSps032mSE3wBxW3bXOqWfoy4CMy1CX/XeVCijyh5kLVxZTSDIdRTYdePdL1yzaOZF1Xysvt1DhOUgBdM+A==}
    engines: {node: '>=20.18.0'}
    peerDependencies:
      typescript: '>=5'

  '@solana/codecs-core@4.0.0':
    resolution: {integrity: sha512-28kNUsyIlhU3MO3/7ZLDqeJf2YAm32B4tnTjl5A9HrbBqsTZ+upT/RzxZGP1MMm7jnPuIKCMwmTpsyqyR6IUpw==}
    engines: {node: '>=20.18.0'}
    peerDependencies:
      typescript: '>=5.3.3'

  '@solana/codecs-core@5.0.0':
    resolution: {integrity: sha512-rCG2d8OaamVF2/J//YyCgDqNJpUytVVltw9C8mJtEz5c6Se/LR6BFuG8g4xeJswq/ab4RFk5/HFdgbvNjKgQjA==}
    engines: {node: '>=20.18.0'}
    peerDependencies:
      typescript: '>=5.3.3'

  '@solana/codecs-data-structures@5.0.0':
    resolution: {integrity: sha512-y503Pqmv0LHcfcf0vQJGaxDvydQJbyCo8nK3nxn56EhFj5lBQ1NWb3WvTd83epigwuZurW2MhJARrpikfhQglQ==}
    engines: {node: '>=20.18.0'}
    peerDependencies:
      typescript: '>=5.3.3'

  '@solana/codecs-numbers@2.0.0-rc.4':
    resolution: {integrity: sha512-ZJR7TaUO65+3Hzo3YOOUCS0wlzh17IW+j0MZC2LCk1R0woaypRpHKj4iSMYeQOZkMxsd9QT3WNvjFrPC2qA6Sw==}
    engines: {node: '>=20.18.0'}
    peerDependencies:
      typescript: '>=5'

  '@solana/codecs-numbers@4.0.0':
    resolution: {integrity: sha512-z9zpjtcwzqT9rbkKVZpkWB5/0V7+6YRKs6BccHkGJlaDx8Pe/+XOvPi2rEdXPqrPd9QWb5Xp1iBfcgaDMyiOiA==}
    engines: {node: '>=20.18.0'}
    peerDependencies:
      typescript: '>=5.3.3'

  '@solana/codecs-numbers@5.0.0':
    resolution: {integrity: sha512-a2+skRLuUK02f/XFe4L0e1+wHCyfK25PkyseFps1v1l4pvevukFwth/EhSyrs6w5CsTJRVoR7MuE3E00PM4egw==}
    engines: {node: '>=20.18.0'}
    peerDependencies:
      typescript: '>=5.3.3'

  '@solana/codecs-strings@2.0.0-rc.4':
    resolution: {integrity: sha512-LGfK2RL0BKjYYUfzu2FG/gTgCsYOMz9FKVs2ntji6WneZygPxJTV5W98K3J8Rl0JewpCSCFQH3xjLSHBJUS0fA==}
    engines: {node: '>=20.18.0'}
    peerDependencies:
      fastestsmallesttextencoderdecoder: ^1.0.22
      typescript: '>=5'

  '@solana/codecs-strings@4.0.0':
    resolution: {integrity: sha512-XvyD+sQ1zyA0amfxbpoFZsucLoe+yASQtDiLUGMDg5TZ82IHE3B7n82jE8d8cTAqi0HgqQiwU13snPhvg1O0Ow==}
    engines: {node: '>=20.18.0'}
    peerDependencies:
      fastestsmallesttextencoderdecoder: ^1.0.22
      typescript: '>=5.3.3'

  '@solana/codecs-strings@5.0.0':
    resolution: {integrity: sha512-ALkRwpV8bGR6qjAYw0YXZwp2YI4wzvKOJGmx04Ut8gMdbaUx7qOcJkhEQKI6ZVC3lAWSIS1N1wGccUZDwvfKxw==}
    engines: {node: '>=20.18.0'}
    peerDependencies:
      fastestsmallesttextencoderdecoder: ^1.0.22
      typescript: '>=5.3.3'

  '@solana/codecs@5.0.0':
    resolution: {integrity: sha512-KOw0gFUSBxIMDWLJ3AkVFkEci91dw0Rpx3C6y83Our7fSW+SEP8vRZklCElieYR85LHVB1QIEhoeHR7rc+Ifkw==}
    engines: {node: '>=20.18.0'}
    peerDependencies:
      typescript: '>=5.3.3'

  '@solana/errors@2.0.0-rc.4':
    resolution: {integrity: sha512-0PPaMyB81keEHG/1pnyEuiBVKctbXO641M2w3CIOrYT/wzjunfF0FTxsqq9wYJeYo0AyiefCKGgSPs6wiY2PpQ==}
    engines: {node: '>=20.18.0'}
    hasBin: true
    peerDependencies:
      typescript: '>=5'

  '@solana/errors@4.0.0':
    resolution: {integrity: sha512-3YEtvcMvtcnTl4HahqLt0VnaGVf7vVWOnt6/uPky5e0qV6BlxDSbGkbBzttNjxLXHognV0AQi3pjvrtfUnZmbg==}
    engines: {node: '>=20.18.0'}
    hasBin: true
    peerDependencies:
      typescript: '>=5.3.3'

  '@solana/errors@5.0.0':
    resolution: {integrity: sha512-gTuhzO6E+ydfAAzqmqdPcvFyJwAzFKKIrqtnZPpgAuomcPYu+HSo0tuwSM/cTX0djmHt+GoOsf/julph+nvs2w==}
    engines: {node: '>=20.18.0'}
    hasBin: true
    peerDependencies:
      typescript: '>=5.3.3'

  '@solana/options@5.0.0':
    resolution: {integrity: sha512-ezHVBFb9FXVSn8LUVRD2tLb6fejU0x8KtGEYyCYh0J0pQuXSITV0IQCjcEopvu/ZxWdXOJyzjvmymnhz90on5A==}
    engines: {node: '>=20.18.0'}
    peerDependencies:
      typescript: '>=5.3.3'

  a-sync-waterfall@1.0.1:
    resolution: {integrity: sha512-RYTOHHdWipFUliRFMCS4X2Yn2X8M87V/OpSqWzKKOGhzqyUxzyVmhHDH9sAvG+ZuQf/TAOFsLCpMw09I1ufUnA==}

  asap@2.0.6:
    resolution: {integrity: sha512-BSHWgDSAiKs50o2Re8ppvp3seVHXSRM44cdSsT9FfNEUUZLOGWVCsiWaRPWM1Znn+mqZ1OfVZ3z3DWEzSp7hRA==}

  call-bind-apply-helpers@1.0.1:
    resolution: {integrity: sha512-BhYE+WDaywFg2TBWYNXAE+8B1ATnThNBqXHP5nQu0jWJdVvY2hvkpyB3qOmtmDePiS5/BDQ8wASEWGMWRG148g==}
    engines: {node: '>= 0.4'}

  call-bind-apply-helpers@1.0.2:
    resolution: {integrity: sha512-Sp1ablJ0ivDkSzjcaJdxEunN5/XvksFJ2sMBFfq6x0ryhQV/2b/KwFe21cMpmHtPOSij8K99/wSfoEuTObmuMQ==}
    engines: {node: '>= 0.4'}

  call-bind@1.0.8:
    resolution: {integrity: sha512-oKlSFMcMwpUg2ednkhQ454wfWiU/ul3CkJe/PEHcTKuiX6RpbehUiFMXu13HalGZxfUwCQzZG747YXBn1im9ww==}
    engines: {node: '>= 0.4'}

  call-bound@1.0.3:
    resolution: {integrity: sha512-YTd+6wGlNlPxSuri7Y6X8tY2dmm12UMH66RpKMhiX6rsk5wXXnYgbUcOt8kiS31/AjfoTOvCsE+w8nZQLQnzHA==}
    engines: {node: '>= 0.4'}

  call-bound@1.0.4:
    resolution: {integrity: sha512-+ys997U96po4Kx/ABpBCqhA9EuxJaQWDQg7295H4hBphv3IZg0boBKuwYpt4YXp6MZ5AmZQnU/tyMTlRpaSejg==}
    engines: {node: '>= 0.4'}

  chalk@5.4.1:
    resolution: {integrity: sha512-zgVZuo2WcZgfUEmsn6eO3kINexW8RAE4maiQ8QNs8CtpPCSyMiYsULR3HQYkm3w8FIA3SberyMJMSldGsW+U3w==}
    engines: {node: ^12.17.0 || ^14.13 || >=16.0.0}

  chalk@5.6.2:
    resolution: {integrity: sha512-7NzBL0rN6fMUW+f7A6Io4h40qQlG+xGmtMxfbnH/K7TAtt8JQWVQK+6g0UXKMeVJoyV5EkkNsErQ8pVD3bLHbA==}
    engines: {node: ^12.17.0 || ^14.13 || >=16.0.0}

  codama@1.4.4:
    resolution: {integrity: sha512-DpS9XRftrck13FRbSh6hR8V+loAPdtuuFRKixKyAahdR1R4T/EJJ9G78JqBfVXow+4lJ1NKhNlvHKKEJPaE+FQ==}
    hasBin: true

  commander@12.1.0:
    resolution: {integrity: sha512-Vw8qHK3bZM9y/P10u3Vib8o/DdkvA2OtPtZvD871QKjy74Wj1WSKFILMPRPSdUSx5RFK1arlJzEtA4PkFgnbuA==}
    engines: {node: '>=18'}

  commander@13.1.0:
    resolution: {integrity: sha512-/rFeCpNJQbhSZjGVwO9RFV3xPqbnERS8MmIQzCtD/zl6gpJuV/bMLuN92oG3F7d8oDEHHRrujSXNUr8fpjntKw==}
    engines: {node: '>=18'}

  commander@14.0.1:
    resolution: {integrity: sha512-2JkV3gUZUVrbNA+1sjBOYLsMZ5cEEl8GTFP2a4AVz5hvasAMCQ1D2l2le/cX+pV4N6ZU17zjUahLpIXRrnWL8A==}
    engines: {node: '>=20'}

  commander@14.0.2:
    resolution: {integrity: sha512-TywoWNNRbhoD0BXs1P3ZEScW8W5iKrnbithIl0YH+uCmBd0QpPOA8yc82DS3BIE5Ma6FnBVUsJ7wVUDz4dvOWQ==}
    engines: {node: '>=20'}

  commander@5.1.0:
    resolution: {integrity: sha512-P0CysNDQ7rtVw4QIQtm+MRxV66vKFSvlsQvGYXZWR3qFU0jlMKHZZZgw8e+8DSah4UDKMqnknRDQz+xuQXQ/Zg==}
    engines: {node: '>= 6'}

  define-data-property@1.1.4:
    resolution: {integrity: sha512-rBMvIzlpA8v6E+SJZoo++HAYqsLrkg7MSfIinMPFhmkorw7X+dOXVJQs+QT69zGkzMyfDnIMN2Wid1+NbL3T+A==}
    engines: {node: '>= 0.4'}

  dunder-proto@1.0.1:
    resolution: {integrity: sha512-KIN/nDJBQRcXw0MLVhZE9iQHmG68qAVIBg9CqmUYjmQIhgij9U5MFvrqkUL5FbtyyzZuOeOt0zdeRe4UY7ct+A==}
    engines: {node: '>= 0.4'}

  es-define-property@1.0.1:
    resolution: {integrity: sha512-e3nRfgfUZ4rNGL232gUgX06QNyyez04KdjFrF+LTRoOXmrOgFKDg4BCdsjW8EnT69eqdYGmRpJwiPVYNrCaW3g==}
    engines: {node: '>= 0.4'}

  es-errors@1.3.0:
    resolution: {integrity: sha512-Zf5H2Kxt2xjTvbJvP2ZWLEICxA6j+hAmMzIlypy4xcBg1vKVnx89Wy0GbS+kf5cwCVFFzdCFh2XSCFNULS6csw==}
    engines: {node: '>= 0.4'}

  es-object-atoms@1.1.1:
    resolution: {integrity: sha512-FGgH2h8zKNim9ljj7dankFPcICIK9Cp5bm+c2gQSYePhpaG5+esrLODihIorn+Pe6FGJzWhXQotPv73jTaldXA==}
    engines: {node: '>= 0.4'}

  esbuild@0.27.0:
    resolution: {integrity: sha512-jd0f4NHbD6cALCyGElNpGAOtWxSq46l9X/sWB0Nzd5er4Kz2YTm+Vl0qKFT9KUJvD8+fiO8AvoHhFvEatfVixA==}
    engines: {node: '>=18'}
    hasBin: true

  fastestsmallesttextencoderdecoder@1.0.22:
    resolution: {integrity: sha512-Pb8d48e+oIuY4MaM64Cd7OW1gt4nxCHs7/ddPPZ/Ic3sg8yVGM7O9wDvZ7us6ScaUupzM+pfBolwtYhN1IxBIw==}

  fsevents@2.3.3:
    resolution: {integrity: sha512-5xoDfX+fL7faATnagmWPpbFtwh/R77WmMMqqHGS65C3vvB0YHrgF+B1YmZ3441tMj5n63k0212XNoJwzlhffQw==}
    engines: {node: ^8.16.0 || ^10.6.0 || >=11.0.0}
    os: [darwin]

  function-bind@1.1.2:
    resolution: {integrity: sha512-7XHNxH7qX9xG5mIwxkhumTox/MIRNcOgDrxWsMt2pAr23WHp6MrRlN7FBSFpCpr+oVO0F744iUgR82nJMfG2SA==}

  get-intrinsic@1.2.7:
    resolution: {integrity: sha512-VW6Pxhsrk0KAOqs3WEd0klDiF/+V7gQOpAvY1jVU/LHmaD/kQO4523aiJuikX/QAKYiW6x8Jh+RJej1almdtCA==}
    engines: {node: '>= 0.4'}

  get-intrinsic@1.3.0:
    resolution: {integrity: sha512-9fSjSaos/fRIVIp+xSJlE6lfwhES7LNtKaCBIamHsjr2na1BiABJPo0mOjjz8GJDURarmCPGqaiVg5mfjb98CQ==}
    engines: {node: '>= 0.4'}

  get-proto@1.0.1:
    resolution: {integrity: sha512-sTSfBjoXBp89JvIKIefqw7U2CCebsc74kiY6awiGogKtoSGbgjYE/G/+l9sF3MWFPNc9IcoOC4ODfKHfxFmp0g==}
    engines: {node: '>= 0.4'}

  get-tsconfig@4.13.0:
    resolution: {integrity: sha512-1VKTZJCwBrvbd+Wn3AOgQP/2Av+TfTCOlE4AcRJE72W1ksZXbAx8PPBR9RzgTeSPzlPMHrbANMH3LbltH73wxQ==}

  gopd@1.2.0:
    resolution: {integrity: sha512-ZUKRh6/kUFoAiTAtTYPZJ3hw9wNxx+BIBOijnlG9PnrJsCcSjs1wyyD6vJpaYtgnzDrKYRSqf3OO6Rfa93xsRg==}
    engines: {node: '>= 0.4'}

  has-property-descriptors@1.0.2:
    resolution: {integrity: sha512-55JNKuIW+vq4Ke1BjOTjM2YctQIvCT7GFzHwmfZPGo5wnrgkid0YQtnAleFSqumZm4az3n2BS+erby5ipJdgrg==}

  has-symbols@1.1.0:
    resolution: {integrity: sha512-1cDNdwJ2Jaohmb3sg4OmKaMBwuC48sYni5HUw2DvsC8LjGTLK9h+eb1X6RyuOHe4hT0ULCW68iomhjUoKUqlPQ==}
    engines: {node: '>= 0.4'}

  hasown@2.0.2:
    resolution: {integrity: sha512-0hJU9SCPvmMzIBdZFqNPXWa6dqh7WdH0cII9y+CyS8rG3nL48Bclra9HmKhVVUHyPWNH5Y7xDwAB7bfgSjkUMQ==}
    engines: {node: '>= 0.4'}

  isarray@2.0.5:
    resolution: {integrity: sha512-xHjhDr3cNBK0BzdUJSPXZntQUx/mwMS5Rw4A7lPJ90XGAO6ISP/ePDNuo0vhqOZU+UD5JoodwCAAoZQd3FeAKw==}

  json-stable-stringify@1.2.1:
    resolution: {integrity: sha512-Lp6HbbBgosLmJbjx0pBLbgvx68FaFU1sdkmBuckmhhJ88kL13OA51CDtR2yJB50eCNMH9wRqtQNNiAqQH4YXnA==}
    engines: {node: '>= 0.4'}

  json-stable-stringify@1.3.0:
    resolution: {integrity: sha512-qtYiSSFlwot9XHtF9bD9c7rwKjr+RecWT//ZnPvSmEjpV5mmPOCN4j8UjY5hbjNkOwZ/jQv3J6R1/pL7RwgMsg==}
    engines: {node: '>= 0.4'}

  jsonify@0.0.1:
    resolution: {integrity: sha512-2/Ki0GcmuqSrgFyelQq9M05y7PS0mEwuIzrf3f1fPqkVDVRvZrPZtVSMHxdgo8Aq0sxAOb/cr2aqqA3LeWHVPg==}

  kleur@3.0.3:
    resolution: {integrity: sha512-eTIzlVOSUR+JxdDFepEYcBMtZ9Qqdef+rnzWdRZuMbOywu5tO2w2N7rqjoANZ5k9vywhL6Br1VRjUIgTQx4E8w==}
    engines: {node: '>=6'}

  math-intrinsics@1.1.0:
    resolution: {integrity: sha512-/IXtbwEk5HTPyEwyKX6hGkYXxM9nbj64B+ilVJnC/R6B0pH5G4V3b0pVbL7DBj4tkhBAppbQUlf6F6Xl9LHu1g==}
    engines: {node: '>= 0.4'}

  nunjucks@3.2.4:
    resolution: {integrity: sha512-26XRV6BhkgK0VOxfbU5cQI+ICFUtMLixv1noZn1tGU38kQH5A5nmmbk/O45xdyBhD1esk47nKrY0mvQpZIhRjQ==}
    engines: {node: '>= 6.9.0'}
    hasBin: true
    peerDependencies:
      chokidar: ^3.3.0
    peerDependenciesMeta:
      chokidar:
        optional: true

  object-keys@1.1.1:
    resolution: {integrity: sha512-NuAESUOUMrlIXOfHKzD6bpPu3tYt3xvjNdRIQ+FeT0lNb4K8WR70CaDxhuNguS2XG+GjkyMwOzsN5ZktImfhLA==}
    engines: {node: '>= 0.4'}

  picocolors@1.1.1:
    resolution: {integrity: sha512-xceH2snhtb5M9liqDsmEw56le376mTZkEX/jEb/RxNFyegNul7eNslCXP9FDj/Lcu0X8KEyMceP2ntpaHrDEVA==}

  prettier@3.6.2:
    resolution: {integrity: sha512-I7AIg5boAr5R0FFtJ6rCfD+LFsWHp81dolrFD8S79U9tb8Az2nGrJncnMSnys+bpQJfRUzqs9hnA81OAA3hCuQ==}
    engines: {node: '>=14'}
    hasBin: true

  prompts@2.4.2:
    resolution: {integrity: sha512-NxNv/kLguCA7p3jE8oL2aEBsrJWgAakBpgmgK6lpPWV+WuOmY6r2/zbAVnP+T8bQlA0nzHXSJSJW0Hq7ylaD2Q==}
    engines: {node: '>= 6'}

  resolve-pkg-maps@1.0.0:
    resolution: {integrity: sha512-seS2Tj26TBVOC2NIc2rOe2y2ZO7efxITtLZcGSOnHHNOQ7CkiUBfw0Iw2ck6xkIhPwLhKNLS8BO+hEpngQlqzw==}

  set-function-length@1.2.2:
    resolution: {integrity: sha512-pgRc4hJ4/sNjWCSS9AmnS40x3bNMDTknHgL5UaMBTMyJnU90EgWh1Rz+MC9eFu4BuN/UwZjKQuY/1v3rM7HMfg==}
    engines: {node: '>= 0.4'}

  sisteransi@1.0.5:
    resolution: {integrity: sha512-bLGGlR1QxBcynn2d5YmDX4MGjlZvy2MRBDRNHLJ8VI6l6+9FUiyTFNJ0IveOSP0bcXgVDPRcfGqA0pjaqUpfVg==}

  tsx@4.21.0:
    resolution: {integrity: sha512-5C1sg4USs1lfG0GFb2RLXsdpXqBSEhAaA/0kPL01wxzpMqLILNxIxIOKiILz+cdg/pLnOUxFYOR5yhHU666wbw==}
    engines: {node: '>=18.0.0'}
    hasBin: true

  typescript@5.9.3:
    resolution: {integrity: sha512-jl1vZzPDinLr9eUt3J/t7V6FgNEw9QjvBPdysz9KfQDD41fQrC2Y4vKQdiaUpFT4bXlb1RHhLpp8wtm6M5TgSw==}
    engines: {node: '>=14.17'}
    hasBin: true

  zx@8.8.5:
    resolution: {integrity: sha512-SNgDF5L0gfN7FwVOdEFguY3orU5AkfFZm9B5YSHog/UDHv+lvmd82ZAsOenOkQixigwH2+yyH198AwNdKhj+RA==}
    engines: {node: '>= 12.17.0'}
    hasBin: true

snapshots:

  '@codama/cli@1.4.3':
    dependencies:
      '@codama/nodes': 1.4.4
      '@codama/visitors': 1.4.4
      '@codama/visitors-core': 1.4.4
      commander: 14.0.2
      picocolors: 1.1.1
      prompts: 2.4.2

  '@codama/errors@1.2.8':
    dependencies:
      '@codama/node-types': 1.2.8
      chalk: 5.4.1
      commander: 13.1.0

  '@codama/errors@1.3.7':
    dependencies:
      '@codama/node-types': 1.3.7
      commander: 14.0.1
      picocolors: 1.1.1

  '@codama/errors@1.4.4':
    dependencies:
      '@codama/node-types': 1.4.4
      commander: 14.0.2
      picocolors: 1.1.1

  '@codama/node-types@1.2.8': {}

  '@codama/node-types@1.3.7': {}

  '@codama/node-types@1.4.4': {}

  '@codama/nodes-from-anchor@1.3.6(fastestsmallesttextencoderdecoder@1.0.22)(typescript@5.9.3)':
    dependencies:
      '@codama/errors': 1.4.4
      '@codama/nodes': 1.4.4
      '@codama/visitors': 1.4.4
      '@noble/hashes': 2.0.1
      '@solana/codecs': 5.0.0(fastestsmallesttextencoderdecoder@1.0.22)(typescript@5.9.3)
    transitivePeerDependencies:
      - fastestsmallesttextencoderdecoder
      - typescript

  '@codama/nodes@1.2.8':
    dependencies:
      '@codama/errors': 1.2.8
      '@codama/node-types': 1.2.8

  '@codama/nodes@1.3.7':
    dependencies:
      '@codama/errors': 1.3.7
      '@codama/node-types': 1.3.7

  '@codama/nodes@1.4.4':
    dependencies:
      '@codama/errors': 1.4.4
      '@codama/node-types': 1.4.4

  '@codama/renderers-core@1.0.10':
    dependencies:
      '@codama/errors': 1.2.8
      '@codama/nodes': 1.2.8
      '@codama/visitors-core': 1.2.8

  '@codama/renderers-core@1.2.2':
    dependencies:
      '@codama/errors': 1.3.7
      '@codama/nodes': 1.3.7
      '@codama/visitors-core': 1.3.7

  '@codama/renderers-js@1.4.3(fastestsmallesttextencoderdecoder@1.0.22)(typescript@5.9.3)':
    dependencies:
      '@codama/errors': 1.3.7
      '@codama/nodes': 1.3.7
      '@codama/renderers-core': 1.2.2
      '@codama/visitors-core': 1.3.7
      '@solana/codecs-strings': 4.0.0(fastestsmallesttextencoderdecoder@1.0.22)(typescript@5.9.3)
      prettier: 3.6.2
    transitivePeerDependencies:
      - fastestsmallesttextencoderdecoder
      - typescript

  '@codama/renderers-rust@1.0.16(fastestsmallesttextencoderdecoder@1.0.22)(typescript@5.9.3)':
    dependencies:
      '@codama/errors': 1.2.8
      '@codama/nodes': 1.2.8
      '@codama/renderers-core': 1.0.10
      '@codama/visitors-core': 1.2.8
      '@solana/codecs-strings': 2.0.0-rc.4(fastestsmallesttextencoderdecoder@1.0.22)(typescript@5.9.3)
      nunjucks: 3.2.4
    transitivePeerDependencies:
      - chokidar
      - fastestsmallesttextencoderdecoder
      - typescript

  '@codama/validators@1.4.4':
    dependencies:
      '@codama/errors': 1.4.4
      '@codama/nodes': 1.4.4
      '@codama/visitors-core': 1.4.4

  '@codama/visitors-core@1.2.8':
    dependencies:
      '@codama/errors': 1.2.8
      '@codama/nodes': 1.2.8
      json-stable-stringify: 1.2.1

  '@codama/visitors-core@1.3.7':
    dependencies:
      '@codama/errors': 1.3.7
      '@codama/nodes': 1.3.7
      json-stable-stringify: 1.3.0

  '@codama/visitors-core@1.4.4':
    dependencies:
      '@codama/errors': 1.4.4
      '@codama/nodes': 1.4.4
      json-stable-stringify: 1.3.0

  '@codama/visitors@1.4.4':
    dependencies:
      '@codama/errors': 1.4.4
      '@codama/nodes': 1.4.4
      '@codama/visitors-core': 1.4.4

  '@esbuild/aix-ppc64@0.27.0':
    optional: true

  '@esbuild/android-arm64@0.27.0':
    optional: true

  '@esbuild/android-arm@0.27.0':
    optional: true

  '@esbuild/android-x64@0.27.0':
    optional: true

  '@esbuild/darwin-arm64@0.27.0':
    optional: true

  '@esbuild/darwin-x64@0.27.0':
    optional: true

  '@esbuild/freebsd-arm64@0.27.0':
    optional: true

  '@esbuild/freebsd-x64@0.27.0':
    optional: true

  '@esbuild/linux-arm64@0.27.0':
    optional: true

  '@esbuild/linux-arm@0.27.0':
    optional: true

  '@esbuild/linux-ia32@0.27.0':
    optional: true

  '@esbuild/linux-loong64@0.27.0':
    optional: true

  '@esbuild/linux-mips64el@0.27.0':
    optional: true

  '@esbuild/linux-ppc64@0.27.0':
    optional: true

  '@esbuild/linux-riscv64@0.27.0':
    optional: true

  '@esbuild/linux-s390x@0.27.0':
    optional: true

  '@esbuild/linux-x64@0.27.0':
    optional: true

  '@esbuild/netbsd-arm64@0.27.0':
    optional: true

  '@esbuild/netbsd-x64@0.27.0':
    optional: true

  '@esbuild/openbsd-arm64@0.27.0':
    optional: true

  '@esbuild/openbsd-x64@0.27.0':
    optional: true

  '@esbuild/openharmony-arm64@0.27.0':
    optional: true

  '@esbuild/sunos-x64@0.27.0':
    optional: true

  '@esbuild/win32-arm64@0.27.0':
    optional: true

  '@esbuild/win32-ia32@0.27.0':
    optional: true

  '@esbuild/win32-x64@0.27.0':
    optional: true

  '@iarna/toml@2.2.5': {}

  '@noble/hashes@2.0.1': {}

  '@solana/codecs-core@2.0.0-rc.4(typescript@5.9.3)':
    dependencies:
      '@solana/errors': 2.0.0-rc.4(typescript@5.9.3)
      typescript: 5.9.3

  '@solana/codecs-core@4.0.0(typescript@5.9.3)':
    dependencies:
      '@solana/errors': 4.0.0(typescript@5.9.3)
      typescript: 5.9.3

  '@solana/codecs-core@5.0.0(typescript@5.9.3)':
    dependencies:
      '@solana/errors': 5.0.0(typescript@5.9.3)
      typescript: 5.9.3

  '@solana/codecs-data-structures@5.0.0(typescript@5.9.3)':
    dependencies:
      '@solana/codecs-core': 5.0.0(typescript@5.9.3)
      '@solana/codecs-numbers': 5.0.0(typescript@5.9.3)
      '@solana/errors': 5.0.0(typescript@5.9.3)
      typescript: 5.9.3

  '@solana/codecs-numbers@2.0.0-rc.4(typescript@5.9.3)':
    dependencies:
      '@solana/codecs-core': 2.0.0-rc.4(typescript@5.9.3)
      '@solana/errors': 2.0.0-rc.4(typescript@5.9.3)
      typescript: 5.9.3

  '@solana/codecs-numbers@4.0.0(typescript@5.9.3)':
    dependencies:
      '@solana/codecs-core': 4.0.0(typescript@5.9.3)
      '@solana/errors': 4.0.0(typescript@5.9.3)
      typescript: 5.9.3

  '@solana/codecs-numbers@5.0.0(typescript@5.9.3)':
    dependencies:
      '@solana/codecs-core': 5.0.0(typescript@5.9.3)
      '@solana/errors': 5.0.0(typescript@5.9.3)
      typescript: 5.9.3

  '@solana/codecs-strings@2.0.0-rc.4(fastestsmallesttextencoderdecoder@1.0.22)(typescript@5.9.3)':
    dependencies:
      '@solana/codecs-core': 2.0.0-rc.4(typescript@5.9.3)
      '@solana/codecs-numbers': 2.0.0-rc.4(typescript@5.9.3)
      '@solana/errors': 2.0.0-rc.4(typescript@5.9.3)
      fastestsmallesttextencoderdecoder: 1.0.22
      typescript: 5.9.3

  '@solana/codecs-strings@4.0.0(fastestsmallesttextencoderdecoder@1.0.22)(typescript@5.9.3)':
    dependencies:
      '@solana/codecs-core': 4.0.0(typescript@5.9.3)
      '@solana/codecs-numbers': 4.0.0(typescript@5.9.3)
      '@solana/errors': 4.0.0(typescript@5.9.3)
      fastestsmallesttextencoderdecoder: 1.0.22
      typescript: 5.9.3

  '@solana/codecs-strings@5.0.0(fastestsmallesttextencoderdecoder@1.0.22)(typescript@5.9.3)':
    dependencies:
      '@solana/codecs-core': 5.0.0(typescript@5.9.3)
      '@solana/codecs-numbers': 5.0.0(typescript@5.9.3)
      '@solana/errors': 5.0.0(typescript@5.9.3)
      fastestsmallesttextencoderdecoder: 1.0.22
      typescript: 5.9.3

  '@solana/codecs@5.0.0(fastestsmallesttextencoderdecoder@1.0.22)(typescript@5.9.3)':
    dependencies:
      '@solana/codecs-core': 5.0.0(typescript@5.9.3)
      '@solana/codecs-data-structures': 5.0.0(typescript@5.9.3)
      '@solana/codecs-numbers': 5.0.0(typescript@5.9.3)
      '@solana/codecs-strings': 5.0.0(fastestsmallesttextencoderdecoder@1.0.22)(typescript@5.9.3)
      '@solana/options': 5.0.0(fastestsmallesttextencoderdecoder@1.0.22)(typescript@5.9.3)
      typescript: 5.9.3
    transitivePeerDependencies:
      - fastestsmallesttextencoderdecoder

  '@solana/errors@2.0.0-rc.4(typescript@5.9.3)':
    dependencies:
      chalk: 5.6.2
      commander: 12.1.0
      typescript: 5.9.3

  '@solana/errors@4.0.0(typescript@5.9.3)':
    dependencies:
      chalk: 5.6.2
      commander: 14.0.1
      typescript: 5.9.3

  '@solana/errors@5.0.0(typescript@5.9.3)':
    dependencies:
      chalk: 5.6.2
      commander: 14.0.1
      typescript: 5.9.3

  '@solana/options@5.0.0(fastestsmallesttextencoderdecoder@1.0.22)(typescript@5.9.3)':
    dependencies:
      '@solana/codecs-core': 5.0.0(typescript@5.9.3)
      '@solana/codecs-data-structures': 5.0.0(typescript@5.9.3)
      '@solana/codecs-numbers': 5.0.0(typescript@5.9.3)
      '@solana/codecs-strings': 5.0.0(fastestsmallesttextencoderdecoder@1.0.22)(typescript@5.9.3)
      '@solana/errors': 5.0.0(typescript@5.9.3)
      typescript: 5.9.3
    transitivePeerDependencies:
      - fastestsmallesttextencoderdecoder

  a-sync-waterfall@1.0.1: {}

  asap@2.0.6: {}

  call-bind-apply-helpers@1.0.1:
    dependencies:
      es-errors: 1.3.0
      function-bind: 1.1.2

  call-bind-apply-helpers@1.0.2:
    dependencies:
      es-errors: 1.3.0
      function-bind: 1.1.2

  call-bind@1.0.8:
    dependencies:
      call-bind-apply-helpers: 1.0.1
      es-define-property: 1.0.1
      get-intrinsic: 1.2.7
      set-function-length: 1.2.2

  call-bound@1.0.3:
    dependencies:
      call-bind-apply-helpers: 1.0.1
      get-intrinsic: 1.2.7

  call-bound@1.0.4:
    dependencies:
      call-bind-apply-helpers: 1.0.2
      get-intrinsic: 1.3.0

  chalk@5.4.1: {}

  chalk@5.6.2: {}

  codama@1.4.4:
    dependencies:
      '@codama/cli': 1.4.3
      '@codama/errors': 1.4.4
      '@codama/nodes': 1.4.4
      '@codama/validators': 1.4.4
      '@codama/visitors': 1.4.4

  commander@12.1.0: {}

  commander@13.1.0: {}

  commander@14.0.1: {}

  commander@14.0.2: {}

  commander@5.1.0: {}

  define-data-property@1.1.4:
    dependencies:
      es-define-property: 1.0.1
      es-errors: 1.3.0
      gopd: 1.2.0

  dunder-proto@1.0.1:
    dependencies:
      call-bind-apply-helpers: 1.0.1
      es-errors: 1.3.0
      gopd: 1.2.0

  es-define-property@1.0.1: {}

  es-errors@1.3.0: {}

  es-object-atoms@1.1.1:
    dependencies:
      es-errors: 1.3.0

  esbuild@0.27.0:
    optionalDependencies:
      '@esbuild/aix-ppc64': 0.27.0
      '@esbuild/android-arm': 0.27.0
      '@esbuild/android-arm64': 0.27.0
      '@esbuild/android-x64': 0.27.0
      '@esbuild/darwin-arm64': 0.27.0
      '@esbuild/darwin-x64': 0.27.0
      '@esbuild/freebsd-arm64': 0.27.0
      '@esbuild/freebsd-x64': 0.27.0
      '@esbuild/linux-arm': 0.27.0
      '@esbuild/linux-arm64': 0.27.0
      '@esbuild/linux-ia32': 0.27.0
      '@esbuild/linux-loong64': 0.27.0
      '@esbuild/linux-mips64el': 0.27.0
      '@esbuild/linux-ppc64': 0.27.0
      '@esbuild/linux-riscv64': 0.27.0
      '@esbuild/linux-s390x': 0.27.0
      '@esbuild/linux-x64': 0.27.0
      '@esbuild/netbsd-arm64': 0.27.0
      '@esbuild/netbsd-x64': 0.27.0
      '@esbuild/openbsd-arm64': 0.27.0
      '@esbuild/openbsd-x64': 0.27.0
      '@esbuild/openharmony-arm64': 0.27.0
      '@esbuild/sunos-x64': 0.27.0
      '@esbuild/win32-arm64': 0.27.0
      '@esbuild/win32-ia32': 0.27.0
      '@esbuild/win32-x64': 0.27.0

  fastestsmallesttextencoderdecoder@1.0.22: {}

  fsevents@2.3.3:
    optional: true

  function-bind@1.1.2: {}

  get-intrinsic@1.2.7:
    dependencies:
      call-bind-apply-helpers: 1.0.1
      es-define-property: 1.0.1
      es-errors: 1.3.0
      es-object-atoms: 1.1.1
      function-bind: 1.1.2
      get-proto: 1.0.1
      gopd: 1.2.0
      has-symbols: 1.1.0
      hasown: 2.0.2
      math-intrinsics: 1.1.0

  get-intrinsic@1.3.0:
    dependencies:
      call-bind-apply-helpers: 1.0.2
      es-define-property: 1.0.1
      es-errors: 1.3.0
      es-object-atoms: 1.1.1
      function-bind: 1.1.2
      get-proto: 1.0.1
      gopd: 1.2.0
      has-symbols: 1.1.0
      hasown: 2.0.2
      math-intrinsics: 1.1.0

  get-proto@1.0.1:
    dependencies:
      dunder-proto: 1.0.1
      es-object-atoms: 1.1.1

  get-tsconfig@4.13.0:
    dependencies:
      resolve-pkg-maps: 1.0.0

  gopd@1.2.0: {}

  has-property-descriptors@1.0.2:
    dependencies:
      es-define-property: 1.0.1

  has-symbols@1.1.0: {}

  hasown@2.0.2:
    dependencies:
      function-bind: 1.1.2

  isarray@2.0.5: {}

  json-stable-stringify@1.2.1:
    dependencies:
      call-bind: 1.0.8
      call-bound: 1.0.3
      isarray: 2.0.5
      jsonify: 0.0.1
      object-keys: 1.1.1

  json-stable-stringify@1.3.0:
    dependencies:
      call-bind: 1.0.8
      call-bound: 1.0.4
      isarray: 2.0.5
      jsonify: 0.0.1
      object-keys: 1.1.1

  jsonify@0.0.1: {}

  kleur@3.0.3: {}

  math-intrinsics@1.1.0: {}

  nunjucks@3.2.4:
    dependencies:
      a-sync-waterfall: 1.0.1
      asap: 2.0.6
      commander: 5.1.0

  object-keys@1.1.1: {}

  picocolors@1.1.1: {}

  prettier@3.6.2: {}

  prompts@2.4.2:
    dependencies:
      kleur: 3.0.3
      sisteransi: 1.0.5

  resolve-pkg-maps@1.0.0: {}

  set-function-length@1.2.2:
    dependencies:
      define-data-property: 1.1.4
      es-errors: 1.3.0
      function-bind: 1.1.2
      get-intrinsic: 1.2.7
      gopd: 1.2.0
      has-property-descriptors: 1.0.2

  sisteransi@1.0.5: {}

  tsx@4.21.0:
    dependencies:
      esbuild: 0.27.0
      get-tsconfig: 4.13.0
    optionalDependencies:
      fsevents: 2.3.3

  typescript@5.9.3: {}

  zx@8.8.5: {}
