lockfileVersion: '9.0'

settings:
  autoInstallPeers: true
  excludeLinksFromLockfile: false

importers:

  .:
    devDependencies:
      '@codama/nodes-from-anchor':
        specifier: ^1.2.5
        version: 1.2.5(fastestsmallesttextencoderdecoder@1.0.22)(typescript@5.6.3)
      '@codama/renderers-js':
        specifier: ^1.3
        version: 1.3.4(fastestsmallesttextencoderdecoder@1.0.22)(typescript@5.6.3)
      '@codama/renderers-rust':
        specifier: ~1.0
        version: 1.0.16(fastestsmallesttextencoderdecoder@1.0.22)(typescript@5.6.3)
      '@iarna/toml':
        specifier: ^2.2.5
        version: 2.2.5
      codama:
        specifier: ^1.3
        version: 1.3.3
      tsx:
        specifier: ^4.19.2
        version: 4.20.6
      typescript:
        specifier: ^5.5.2
        version: 5.6.3
      zx:
        specifier: ^7.2.3
        version: 7.2.3

packages:

  '@codama/cli@1.3.1':
    resolution: {integrity: sha512-3m84aErp6W0cFIArYh9Ymzp2QFFHL+zFx/QS8R8piBjkA/WbSTdslZnierBBqgXkoSM6uIqvm008DSvo3gj1LA==}
    hasBin: true

  '@codama/errors@1.2.8':
    resolution: {integrity: sha512-TVPf7oJpbHtxdu52ruftJX+DlTNWi7D65tasysqs7mfRKoiZKzmkatr5hqidBz/M9WzCddUeFAHL9ZiW6g9Ccg==}
    hasBin: true

  '@codama/errors@1.3.3':
    resolution: {integrity: sha512-iyo5qEW/rgNTTtcZnGqahcnUtMHRRTlTzeTZo6SLpuNistbEn2itOssnklNZVClhXR/4Td0riHwGedP3AjwgJA==}
    hasBin: true

  '@codama/node-types@1.2.8':
    resolution: {integrity: sha512-PEvPLMN3QGJvkwsQ7R9DmAtdazQXN0RD9WYlmHyeiR4nathV0qy9nZGFDoRh5nbNfPkbeLTgL5o3zAoeeRP6GQ==}

  '@codama/node-types@1.3.3':
    resolution: {integrity: sha512-41GdFy/OPRemXTAmptDSi/wDXHPimy40mx9v0z2EdIMNYEyKAYZDcvr2jzSei8meeCV9j4PgKF5snwBQK7HaSg==}

  '@codama/nodes-from-anchor@1.2.5':
    resolution: {integrity: sha512-d13zrDEMtFKYFwFAshcFegXskns82E3n5wjmyvxk3gJcXVOVVX8nAyFIe1nOAVzffbN73cwPrpv57SzOFwRz1A==}

  '@codama/nodes@1.2.8':
    resolution: {integrity: sha512-tCi7KErG2ChQr5n3Nj3dwciFmUo3O8RQ+S4Qv23w1zvYLaGwhEvdg3KRtgCGEI0wr9uvm2QtTBM670kdLntZiQ==}

  '@codama/nodes@1.3.3':
    resolution: {integrity: sha512-CgxGfH6ndcZpvf+RfVwSyIOyq8cNejbqY9TRr4SqVMIEbE1Wpqx+GPrEGRKtwHgB8KqsWCz7Pve8BCGhsPkr2g==}

  '@codama/renderers-core@1.0.10':
    resolution: {integrity: sha512-7NwoyP2j1cZKgHCrd1RRn891gtxpZeiXNSP3aCFdVsRPW8dDNUL1sJ1SNOF9ILHfNP77clCBtL3eoZIFdeNQAg==}

  '@codama/renderers-core@1.0.19':
    resolution: {integrity: sha512-ARvgw8ObOMiIbeahcKBpWKl2N4lYaywDOAsbYDjr/zV8jpPll39TVidgQt0lP4JjdGz7xZTBCmQmtxW5hqr9pA==}

  '@codama/renderers-js@1.3.4':
    resolution: {integrity: sha512-srcHHCc7l2FXTlUEoPOolw0bmxBkdyqpzOGtBNc7eeF9sOCE3mlR84qXzxoqCKx4T26wl+QHihI0wby0bMlfrA==}

  '@codama/renderers-rust@1.0.16':
    resolution: {integrity: sha512-pFHwHN6X4Yuk26Yfh+VT9Ps1i/QEjuK3EoT8BpsCTATOk6ntJNqyD5aQngG2lE4KWx3uQrCYYbQEAN4vG6v+EA==}

  '@codama/validators@1.3.3':
    resolution: {integrity: sha512-dj3vlwMlxU57l6cRLxb76ZwlrEGv+dq7llDtH0aqc1z3OW5SOryREUuzeqL7T/2hY8FiY+pxjH4CQx+A08hULQ==}

  '@codama/visitors-core@1.2.8':
    resolution: {integrity: sha512-sYmZT2Z6Goacgr/HrAhjLSGtu2Udcal10tEfYN8ZJBXs34PGPu0oWOC8kFx7CxvmAvt/6mw8NhKIPtg/UaIKHw==}

  '@codama/visitors-core@1.3.3':
    resolution: {integrity: sha512-Kuz2we5iDhq0Y9bPwEjEGGSueBPJkLxoDkJ+Z3NuHlqo/k2aHvDNl9NaoOOUPwNzPVbntfpJW9Ga3pP9oc/PQQ==}

  '@codama/visitors@1.3.3':
    resolution: {integrity: sha512-ReZoo0kItffkhpvl9qRjy3HV1nZXv/k8p4wZ10NveUTDtRghk72YkY0kpK2lt/p+2SlWrhQ9IkO4Q+EQoqABrA==}

  '@esbuild/aix-ppc64@0.25.10':
    resolution: {integrity: sha512-0NFWnA+7l41irNuaSVlLfgNT12caWJVLzp5eAVhZ0z1qpxbockccEt3s+149rE64VUI3Ml2zt8Nv5JVc4QXTsw==}
    engines: {node: '>=18'}
    cpu: [ppc64]
    os: [aix]

  '@esbuild/android-arm64@0.25.10':
    resolution: {integrity: sha512-LSQa7eDahypv/VO6WKohZGPSJDq5OVOo3UoFR1E4t4Gj1W7zEQMUhI+lo81H+DtB+kP+tDgBp+M4oNCwp6kffg==}
    engines: {node: '>=18'}
    cpu: [arm64]
    os: [android]

  '@esbuild/android-arm@0.25.10':
    resolution: {integrity: sha512-dQAxF1dW1C3zpeCDc5KqIYuZ1tgAdRXNoZP7vkBIRtKZPYe2xVr/d3SkirklCHudW1B45tGiUlz2pUWDfbDD4w==}
    engines: {node: '>=18'}
    cpu: [arm]
    os: [android]

  '@esbuild/android-x64@0.25.10':
    resolution: {integrity: sha512-MiC9CWdPrfhibcXwr39p9ha1x0lZJ9KaVfvzA0Wxwz9ETX4v5CHfF09bx935nHlhi+MxhA63dKRRQLiVgSUtEg==}
    engines: {node: '>=18'}
    cpu: [x64]
    os: [android]

  '@esbuild/darwin-arm64@0.25.10':
    resolution: {integrity: sha512-JC74bdXcQEpW9KkV326WpZZjLguSZ3DfS8wrrvPMHgQOIEIG/sPXEN/V8IssoJhbefLRcRqw6RQH2NnpdprtMA==}
    engines: {node: '>=18'}
    cpu: [arm64]
    os: [darwin]

  '@esbuild/darwin-x64@0.25.10':
    resolution: {integrity: sha512-tguWg1olF6DGqzws97pKZ8G2L7Ig1vjDmGTwcTuYHbuU6TTjJe5FXbgs5C1BBzHbJ2bo1m3WkQDbWO2PvamRcg==}
    engines: {node: '>=18'}
    cpu: [x64]
    os: [darwin]

  '@esbuild/freebsd-arm64@0.25.10':
    resolution: {integrity: sha512-3ZioSQSg1HT2N05YxeJWYR+Libe3bREVSdWhEEgExWaDtyFbbXWb49QgPvFH8u03vUPX10JhJPcz7s9t9+boWg==}
    engines: {node: '>=18'}
    cpu: [arm64]
    os: [freebsd]

  '@esbuild/freebsd-x64@0.25.10':
    resolution: {integrity: sha512-LLgJfHJk014Aa4anGDbh8bmI5Lk+QidDmGzuC2D+vP7mv/GeSN+H39zOf7pN5N8p059FcOfs2bVlrRr4SK9WxA==}
    engines: {node: '>=18'}
    cpu: [x64]
    os: [freebsd]

  '@esbuild/linux-arm64@0.25.10':
    resolution: {integrity: sha512-5luJWN6YKBsawd5f9i4+c+geYiVEw20FVW5x0v1kEMWNq8UctFjDiMATBxLvmmHA4bf7F6hTRaJgtghFr9iziQ==}
    engines: {node: '>=18'}
    cpu: [arm64]
    os: [linux]

  '@esbuild/linux-arm@0.25.10':
    resolution: {integrity: sha512-oR31GtBTFYCqEBALI9r6WxoU/ZofZl962pouZRTEYECvNF/dtXKku8YXcJkhgK/beU+zedXfIzHijSRapJY3vg==}
    engines: {node: '>=18'}
    cpu: [arm]
    os: [linux]

  '@esbuild/linux-ia32@0.25.10':
    resolution: {integrity: sha512-NrSCx2Kim3EnnWgS4Txn0QGt0Xipoumb6z6sUtl5bOEZIVKhzfyp/Lyw4C1DIYvzeW/5mWYPBFJU3a/8Yr75DQ==}
    engines: {node: '>=18'}
    cpu: [ia32]
    os: [linux]

  '@esbuild/linux-loong64@0.25.10':
    resolution: {integrity: sha512-xoSphrd4AZda8+rUDDfD9J6FUMjrkTz8itpTITM4/xgerAZZcFW7Dv+sun7333IfKxGG8gAq+3NbfEMJfiY+Eg==}
    engines: {node: '>=18'}
    cpu: [loong64]
    os: [linux]

  '@esbuild/linux-mips64el@0.25.10':
    resolution: {integrity: sha512-ab6eiuCwoMmYDyTnyptoKkVS3k8fy/1Uvq7Dj5czXI6DF2GqD2ToInBI0SHOp5/X1BdZ26RKc5+qjQNGRBelRA==}
    engines: {node: '>=18'}
    cpu: [mips64el]
    os: [linux]

  '@esbuild/linux-ppc64@0.25.10':
    resolution: {integrity: sha512-NLinzzOgZQsGpsTkEbdJTCanwA5/wozN9dSgEl12haXJBzMTpssebuXR42bthOF3z7zXFWH1AmvWunUCkBE4EA==}
    engines: {node: '>=18'}
    cpu: [ppc64]
    os: [linux]

  '@esbuild/linux-riscv64@0.25.10':
    resolution: {integrity: sha512-FE557XdZDrtX8NMIeA8LBJX3dC2M8VGXwfrQWU7LB5SLOajfJIxmSdyL/gU1m64Zs9CBKvm4UAuBp5aJ8OgnrA==}
    engines: {node: '>=18'}
    cpu: [riscv64]
    os: [linux]

  '@esbuild/linux-s390x@0.25.10':
    resolution: {integrity: sha512-3BBSbgzuB9ajLoVZk0mGu+EHlBwkusRmeNYdqmznmMc9zGASFjSsxgkNsqmXugpPk00gJ0JNKh/97nxmjctdew==}
    engines: {node: '>=18'}
    cpu: [s390x]
    os: [linux]

  '@esbuild/linux-x64@0.25.10':
    resolution: {integrity: sha512-QSX81KhFoZGwenVyPoberggdW1nrQZSvfVDAIUXr3WqLRZGZqWk/P4T8p2SP+de2Sr5HPcvjhcJzEiulKgnxtA==}
    engines: {node: '>=18'}
    cpu: [x64]
    os: [linux]

  '@esbuild/netbsd-arm64@0.25.10':
    resolution: {integrity: sha512-AKQM3gfYfSW8XRk8DdMCzaLUFB15dTrZfnX8WXQoOUpUBQ+NaAFCP1kPS/ykbbGYz7rxn0WS48/81l9hFl3u4A==}
    engines: {node: '>=18'}
    cpu: [arm64]
    os: [netbsd]

  '@esbuild/netbsd-x64@0.25.10':
    resolution: {integrity: sha512-7RTytDPGU6fek/hWuN9qQpeGPBZFfB4zZgcz2VK2Z5VpdUxEI8JKYsg3JfO0n/Z1E/6l05n0unDCNc4HnhQGig==}
    engines: {node: '>=18'}
    cpu: [x64]
    os: [netbsd]

  '@esbuild/openbsd-arm64@0.25.10':
    resolution: {integrity: sha512-5Se0VM9Wtq797YFn+dLimf2Zx6McttsH2olUBsDml+lm0GOCRVebRWUvDtkY4BWYv/3NgzS8b/UM3jQNh5hYyw==}
    engines: {node: '>=18'}
    cpu: [arm64]
    os: [openbsd]

  '@esbuild/openbsd-x64@0.25.10':
    resolution: {integrity: sha512-XkA4frq1TLj4bEMB+2HnI0+4RnjbuGZfet2gs/LNs5Hc7D89ZQBHQ0gL2ND6Lzu1+QVkjp3x1gIcPKzRNP8bXw==}
    engines: {node: '>=18'}
    cpu: [x64]
    os: [openbsd]

  '@esbuild/openharmony-arm64@0.25.10':
    resolution: {integrity: sha512-AVTSBhTX8Y/Fz6OmIVBip9tJzZEUcY8WLh7I59+upa5/GPhh2/aM6bvOMQySspnCCHvFi79kMtdJS1w0DXAeag==}
    engines: {node: '>=18'}
    cpu: [arm64]
    os: [openharmony]

  '@esbuild/sunos-x64@0.25.10':
    resolution: {integrity: sha512-fswk3XT0Uf2pGJmOpDB7yknqhVkJQkAQOcW/ccVOtfx05LkbWOaRAtn5SaqXypeKQra1QaEa841PgrSL9ubSPQ==}
    engines: {node: '>=18'}
    cpu: [x64]
    os: [sunos]

  '@esbuild/win32-arm64@0.25.10':
    resolution: {integrity: sha512-ah+9b59KDTSfpaCg6VdJoOQvKjI33nTaQr4UluQwW7aEwZQsbMCfTmfEO4VyewOxx4RaDT/xCy9ra2GPWmO7Kw==}
    engines: {node: '>=18'}
    cpu: [arm64]
    os: [win32]

  '@esbuild/win32-ia32@0.25.10':
    resolution: {integrity: sha512-QHPDbKkrGO8/cz9LKVnJU22HOi4pxZnZhhA2HYHez5Pz4JeffhDjf85E57Oyco163GnzNCVkZK0b/n4Y0UHcSw==}
    engines: {node: '>=18'}
    cpu: [ia32]
    os: [win32]

  '@esbuild/win32-x64@0.25.10':
    resolution: {integrity: sha512-9KpxSVFCu0iK1owoez6aC/s/EdUQLDN3adTxGCqxMVhrPDj6bt5dbrHDXUuq+Bs2vATFBBrQS5vdQ/Ed2P+nbw==}
    engines: {node: '>=18'}
    cpu: [x64]
    os: [win32]

  '@iarna/toml@2.2.5':
    resolution: {integrity: sha512-trnsAYxU3xnS1gPHPyU961coFyLkh4gAD/0zQ5mymY4yOZ+CYvsPqUbOFSw0aDM4y0tV7tiFxL/1XfXPNC6IPg==}

  '@noble/hashes@1.8.0':
    resolution: {integrity: sha512-jCs9ldd7NwzpgXDIf6P3+NrHh9/sD6CQdxHyjQI+h/6rDNo88ypBxxz45UDuZHz9r3tNz7N/VInSVoVdtXEI4A==}
    engines: {node: ^14.21.3 || >=16}

  '@nodelib/fs.scandir@2.1.5':
    resolution: {integrity: sha512-vq24Bq3ym5HEQm2NKCr3yXDwjc7vTsEThRDnkp2DK9p1uqLR+DHurm/NOTo0KG7HYHU7eppKZj3MyqYuMBf62g==}
    engines: {node: '>= 8'}

  '@nodelib/fs.stat@2.0.5':
    resolution: {integrity: sha512-RkhPPp2zrqDAQA/2jNhnztcPAlv64XdhIp7a7454A5ovI7Bukxgt7MX7udwAu3zg1DcpPU0rz3VV1SeaqvY4+A==}
    engines: {node: '>= 8'}

  '@nodelib/fs.walk@1.2.8':
    resolution: {integrity: sha512-oGB+UxlgWcgQkgwo8GcEGwemoTFt3FIO9ababBmaGwXIoBKZ+GTy0pP185beGg7Llih/NSHSV2XAs1lnznocSg==}
    engines: {node: '>= 8'}

  '@solana/codecs-core@2.0.0-rc.4':
    resolution: {integrity: sha512-JIrTSps032mSE3wBxW3bXOqWfoy4CMy1CX/XeVCijyh5kLVxZTSDIdRTYdePdL1yzaOZF1Xysvt1DhOUgBdM+A==}
    engines: {node: '>=20.18.0'}
    peerDependencies:
      typescript: '>=5'

  '@solana/codecs-core@2.3.0':
    resolution: {integrity: sha512-oG+VZzN6YhBHIoSKgS5ESM9VIGzhWjEHEGNPSibiDTxFhsFWxNaz8LbMDPjBUE69r9wmdGLkrQ+wVPbnJcZPvw==}
    engines: {node: '>=20.18.0'}
    peerDependencies:
      typescript: '>=5.3.3'

  '@solana/codecs-data-structures@2.3.0':
    resolution: {integrity: sha512-qvU5LE5DqEdYMYgELRHv+HMOx73sSoV1ZZkwIrclwUmwTbTaH8QAJURBj0RhQ/zCne7VuLLOZFFGv6jGigWhSw==}
    engines: {node: '>=20.18.0'}
    peerDependencies:
      typescript: '>=5.3.3'

  '@solana/codecs-numbers@2.0.0-rc.4':
    resolution: {integrity: sha512-ZJR7TaUO65+3Hzo3YOOUCS0wlzh17IW+j0MZC2LCk1R0woaypRpHKj4iSMYeQOZkMxsd9QT3WNvjFrPC2qA6Sw==}
    engines: {node: '>=20.18.0'}
    peerDependencies:
      typescript: '>=5'

  '@solana/codecs-numbers@2.3.0':
    resolution: {integrity: sha512-jFvvwKJKffvG7Iz9dmN51OGB7JBcy2CJ6Xf3NqD/VP90xak66m/Lg48T01u5IQ/hc15mChVHiBm+HHuOFDUrQg==}
    engines: {node: '>=20.18.0'}
    peerDependencies:
      typescript: '>=5.3.3'

  '@solana/codecs-strings@2.0.0-rc.4':
    resolution: {integrity: sha512-LGfK2RL0BKjYYUfzu2FG/gTgCsYOMz9FKVs2ntji6WneZygPxJTV5W98K3J8Rl0JewpCSCFQH3xjLSHBJUS0fA==}
    engines: {node: '>=20.18.0'}
    peerDependencies:
      fastestsmallesttextencoderdecoder: ^1.0.22
      typescript: '>=5'

  '@solana/codecs-strings@2.3.0':
    resolution: {integrity: sha512-y5pSBYwzVziXu521hh+VxqUtp0hYGTl1eWGoc1W+8mdvBdC1kTqm/X7aYQw33J42hw03JjryvYOvmGgk3Qz/Ug==}
    engines: {node: '>=20.18.0'}
    peerDependencies:
      fastestsmallesttextencoderdecoder: ^1.0.22
      typescript: '>=5.3.3'

  '@solana/codecs@2.3.0':
    resolution: {integrity: sha512-JVqGPkzoeyU262hJGdH64kNLH0M+Oew2CIPOa/9tR3++q2pEd4jU2Rxdfye9sd0Ce3XJrR5AIa8ZfbyQXzjh+g==}
    engines: {node: '>=20.18.0'}
    peerDependencies:
      typescript: '>=5.3.3'

  '@solana/errors@2.0.0-rc.4':
    resolution: {integrity: sha512-0PPaMyB81keEHG/1pnyEuiBVKctbXO641M2w3CIOrYT/wzjunfF0FTxsqq9wYJeYo0AyiefCKGgSPs6wiY2PpQ==}
    engines: {node: '>=20.18.0'}
    hasBin: true
    peerDependencies:
      typescript: '>=5'

  '@solana/errors@2.3.0':
    resolution: {integrity: sha512-66RI9MAbwYV0UtP7kGcTBVLxJgUxoZGm8Fbc0ah+lGiAw17Gugco6+9GrJCV83VyF2mDWyYnYM9qdI3yjgpnaQ==}
    engines: {node: '>=20.18.0'}
    hasBin: true
    peerDependencies:
      typescript: '>=5.3.3'

  '@solana/options@2.3.0':
    resolution: {integrity: sha512-PPnnZBRCWWoZQ11exPxf//DRzN2C6AoFsDI/u2AsQfYih434/7Kp4XLpfOMT/XESi+gdBMFNNfbES5zg3wAIkw==}
    engines: {node: '>=20.18.0'}
    peerDependencies:
      typescript: '>=5.3.3'

  '@types/fs-extra@11.0.4':
    resolution: {integrity: sha512-yTbItCNreRooED33qjunPthRcSjERP1r4MqCZc7wv0u2sUkzTFp45tgUfS5+r7FrZPdmCCNflLhVSP/o+SemsQ==}

  '@types/jsonfile@6.1.4':
    resolution: {integrity: sha512-D5qGUYwjvnNNextdU59/+fI+spnwtTFmyQP0h+PfIOSkNfpU6AOICUOkm4i0OnSk+NyjdPJrxCDro0sJsWlRpQ==}

  '@types/minimist@1.2.5':
    resolution: {integrity: sha512-hov8bUuiLiyFPGyFPE1lwWhmzYbirOXQNNo40+y3zow8aFVTeyn3VWL0VFFfdNddA8S4Vf0Tc062rzyNr7Paag==}

  '@types/node@18.19.56':
    resolution: {integrity: sha512-4EMJlWwwGnVPflJAtM14p9eVSa6BOv5b92mCsh5zcM1UagNtEtrbbtaE6WE1tw2TabavatnwqXjlIpcAEuJJNg==}

  '@types/ps-tree@1.1.6':
    resolution: {integrity: sha512-PtrlVaOaI44/3pl3cvnlK+GxOM3re2526TJvPvh7W+keHIXdV4TE0ylpPBAcvFQCbGitaTXwL9u+RF7qtVeazQ==}

  '@types/which@3.0.4':
    resolution: {integrity: sha512-liyfuo/106JdlgSchJzXEQCVArk0CvevqPote8F8HgWgJ3dRCcTHgJIsLDuee0kxk/mhbInzIZk3QWSZJ8R+2w==}

  a-sync-waterfall@1.0.1:
    resolution: {integrity: sha512-RYTOHHdWipFUliRFMCS4X2Yn2X8M87V/OpSqWzKKOGhzqyUxzyVmhHDH9sAvG+ZuQf/TAOFsLCpMw09I1ufUnA==}

  asap@2.0.6:
    resolution: {integrity: sha512-BSHWgDSAiKs50o2Re8ppvp3seVHXSRM44cdSsT9FfNEUUZLOGWVCsiWaRPWM1Znn+mqZ1OfVZ3z3DWEzSp7hRA==}

  braces@3.0.3:
    resolution: {integrity: sha512-yQbXgO/OSZVD2IsiLlro+7Hf6Q18EJrKSEsdoMzKePKXct3gvD8oLcOQdIzGupr5Fj+EDe8gO/lxc1BzfMpxvA==}
    engines: {node: '>=8'}

  call-bind-apply-helpers@1.0.1:
    resolution: {integrity: sha512-BhYE+WDaywFg2TBWYNXAE+8B1ATnThNBqXHP5nQu0jWJdVvY2hvkpyB3qOmtmDePiS5/BDQ8wASEWGMWRG148g==}
    engines: {node: '>= 0.4'}

  call-bind-apply-helpers@1.0.2:
    resolution: {integrity: sha512-Sp1ablJ0ivDkSzjcaJdxEunN5/XvksFJ2sMBFfq6x0ryhQV/2b/KwFe21cMpmHtPOSij8K99/wSfoEuTObmuMQ==}
    engines: {node: '>= 0.4'}

  call-bind@1.0.8:
    resolution: {integrity: sha512-oKlSFMcMwpUg2ednkhQ454wfWiU/ul3CkJe/PEHcTKuiX6RpbehUiFMXu13HalGZxfUwCQzZG747YXBn1im9ww==}
    engines: {node: '>= 0.4'}

  call-bound@1.0.3:
    resolution: {integrity: sha512-YTd+6wGlNlPxSuri7Y6X8tY2dmm12UMH66RpKMhiX6rsk5wXXnYgbUcOt8kiS31/AjfoTOvCsE+w8nZQLQnzHA==}
    engines: {node: '>= 0.4'}

  call-bound@1.0.4:
    resolution: {integrity: sha512-+ys997U96po4Kx/ABpBCqhA9EuxJaQWDQg7295H4hBphv3IZg0boBKuwYpt4YXp6MZ5AmZQnU/tyMTlRpaSejg==}
    engines: {node: '>= 0.4'}

  chalk@5.3.0:
    resolution: {integrity: sha512-dLitG79d+GV1Nb/VYcCDFivJeK1hiukt9QjRNVOsUtTy1rR1YJsmpGGTZ3qJos+uw7WmWF4wUwBd9jxjocFC2w==}
    engines: {node: ^12.17.0 || ^14.13 || >=16.0.0}

  chalk@5.4.1:
    resolution: {integrity: sha512-zgVZuo2WcZgfUEmsn6eO3kINexW8RAE4maiQ8QNs8CtpPCSyMiYsULR3HQYkm3w8FIA3SberyMJMSldGsW+U3w==}
    engines: {node: ^12.17.0 || ^14.13 || >=16.0.0}

  chalk@5.6.0:
    resolution: {integrity: sha512-46QrSQFyVSEyYAgQ22hQ+zDa60YHA4fBstHmtSApj1Y5vKtG27fWowW03jCk5KcbXEWPZUIR894aARCA/G1kfQ==}
    engines: {node: ^12.17.0 || ^14.13 || >=16.0.0}

  codama@1.3.3:
    resolution: {integrity: sha512-eCOflah25uWKHGyjvW2FPydRAwhDw4ZAjBuBFF9AVJIE3xknR+pcRMLdlxO5LO3ixlxkHKHdESXJY/aVXmzZtw==}
    hasBin: true

  commander@12.1.0:
    resolution: {integrity: sha512-Vw8qHK3bZM9y/P10u3Vib8o/DdkvA2OtPtZvD871QKjy74Wj1WSKFILMPRPSdUSx5RFK1arlJzEtA4PkFgnbuA==}
    engines: {node: '>=18'}

  commander@13.1.0:
    resolution: {integrity: sha512-/rFeCpNJQbhSZjGVwO9RFV3xPqbnERS8MmIQzCtD/zl6gpJuV/bMLuN92oG3F7d8oDEHHRrujSXNUr8fpjntKw==}
    engines: {node: '>=18'}

  commander@14.0.0:
    resolution: {integrity: sha512-2uM9rYjPvyq39NwLRqaiLtWHyDC1FvryJDa2ATTVims5YAS4PupsEQsDvP14FqhFr0P49CYDugi59xaxJlTXRA==}
    engines: {node: '>=20'}

  commander@5.1.0:
    resolution: {integrity: sha512-P0CysNDQ7rtVw4QIQtm+MRxV66vKFSvlsQvGYXZWR3qFU0jlMKHZZZgw8e+8DSah4UDKMqnknRDQz+xuQXQ/Zg==}
    engines: {node: '>= 6'}

  data-uri-to-buffer@4.0.1:
    resolution: {integrity: sha512-0R9ikRb668HB7QDxT1vkpuUBtqc53YyAwMwGeUFKRojY/NWKvdZ+9UYtRfGmhqNbRkTSVpMbmyhXipFFv2cb/A==}
    engines: {node: '>= 12'}

  define-data-property@1.1.4:
    resolution: {integrity: sha512-rBMvIzlpA8v6E+SJZoo++HAYqsLrkg7MSfIinMPFhmkorw7X+dOXVJQs+QT69zGkzMyfDnIMN2Wid1+NbL3T+A==}
    engines: {node: '>= 0.4'}

  dir-glob@3.0.1:
    resolution: {integrity: sha512-WkrWp9GR4KXfKGYzOLmTuGVi1UWFfws377n9cc55/tb6DuqyF6pcQ5AbiHEshaDpY9v6oaSr2XCDidGmMwdzIA==}
    engines: {node: '>=8'}

  dunder-proto@1.0.1:
    resolution: {integrity: sha512-KIN/nDJBQRcXw0MLVhZE9iQHmG68qAVIBg9CqmUYjmQIhgij9U5MFvrqkUL5FbtyyzZuOeOt0zdeRe4UY7ct+A==}
    engines: {node: '>= 0.4'}

  duplexer@0.1.2:
    resolution: {integrity: sha512-jtD6YG370ZCIi/9GTaJKQxWTZD045+4R4hTk/x1UyoqadyJ9x9CgSi1RlVDQF8U2sxLLSnFkCaMihqljHIWgMg==}

  es-define-property@1.0.1:
    resolution: {integrity: sha512-e3nRfgfUZ4rNGL232gUgX06QNyyez04KdjFrF+LTRoOXmrOgFKDg4BCdsjW8EnT69eqdYGmRpJwiPVYNrCaW3g==}
    engines: {node: '>= 0.4'}

  es-errors@1.3.0:
    resolution: {integrity: sha512-Zf5H2Kxt2xjTvbJvP2ZWLEICxA6j+hAmMzIlypy4xcBg1vKVnx89Wy0GbS+kf5cwCVFFzdCFh2XSCFNULS6csw==}
    engines: {node: '>= 0.4'}

  es-object-atoms@1.1.1:
    resolution: {integrity: sha512-FGgH2h8zKNim9ljj7dankFPcICIK9Cp5bm+c2gQSYePhpaG5+esrLODihIorn+Pe6FGJzWhXQotPv73jTaldXA==}
    engines: {node: '>= 0.4'}

  esbuild@0.25.10:
    resolution: {integrity: sha512-9RiGKvCwaqxO2owP61uQ4BgNborAQskMR6QusfWzQqv7AZOg5oGehdY2pRJMTKuwxd1IDBP4rSbI5lHzU7SMsQ==}
    engines: {node: '>=18'}
    hasBin: true

  event-stream@3.3.4:
    resolution: {integrity: sha512-QHpkERcGsR0T7Qm3HNJSyXKEEj8AHNxkY3PK8TS2KJvQ7NiSHe3DDpwVKKtoYprL/AreyzFBeIkBIWChAqn60g==}

  fast-glob@3.3.2:
    resolution: {integrity: sha512-oX2ruAFQwf/Orj8m737Y5adxDQO0LAB7/S5MnxCdTNDd4p6BsyIVsv9JQsATbTSq8KHRpLwIHbVlUNatxd+1Ow==}
    engines: {node: '>=8.6.0'}

  fastestsmallesttextencoderdecoder@1.0.22:
    resolution: {integrity: sha512-Pb8d48e+oIuY4MaM64Cd7OW1gt4nxCHs7/ddPPZ/Ic3sg8yVGM7O9wDvZ7us6ScaUupzM+pfBolwtYhN1IxBIw==}

  fastq@1.17.1:
    resolution: {integrity: sha512-sRVD3lWVIXWg6By68ZN7vho9a1pQcN/WBFaAAsDDFzlJjvoGx0P8z7V1t72grFJfJhu3YPZBuu25f7Kaw2jN1w==}

  fetch-blob@3.2.0:
    resolution: {integrity: sha512-7yAQpD2UMJzLi1Dqv7qFYnPbaPx7ZfFK6PiIxQ4PfkGPyNyl2Ugx+a/umUonmKqjhM4DnfbMvdX6otXq83soQQ==}
    engines: {node: ^12.20 || >= 14.13}

  fill-range@7.1.1:
    resolution: {integrity: sha512-YsGpe3WHLK8ZYi4tWDg2Jy3ebRz2rXowDxnld4bkQB00cc/1Zw9AWnC0i9ztDJitivtQvaI9KaLyKrc+hBW0yg==}
    engines: {node: '>=8'}

  formdata-polyfill@4.0.10:
    resolution: {integrity: sha512-buewHzMvYL29jdeQTVILecSaZKnt/RJWjoZCF5OW60Z67/GmSLBkOFM7qh1PI3zFNtJbaZL5eQu1vLfazOwj4g==}
    engines: {node: '>=12.20.0'}

  from@0.1.7:
    resolution: {integrity: sha512-twe20eF1OxVxp/ML/kq2p1uc6KvFK/+vs8WjEbeKmV2He22MKm7YF2ANIt+EOqhJ5L3K/SuuPhk0hWQDjOM23g==}

  fs-extra@11.2.0:
    resolution: {integrity: sha512-PmDi3uwK5nFuXh7XDTlVnS17xJS7vW36is2+w3xcv8SVxiB4NyATf4ctkVY5bkSjX0Y4nbvZCq1/EjtEyr9ktw==}
    engines: {node: '>=14.14'}

  fsevents@2.3.3:
    resolution: {integrity: sha512-5xoDfX+fL7faATnagmWPpbFtwh/R77WmMMqqHGS65C3vvB0YHrgF+B1YmZ3441tMj5n63k0212XNoJwzlhffQw==}
    engines: {node: ^8.16.0 || ^10.6.0 || >=11.0.0}
    os: [darwin]

  function-bind@1.1.2:
    resolution: {integrity: sha512-7XHNxH7qX9xG5mIwxkhumTox/MIRNcOgDrxWsMt2pAr23WHp6MrRlN7FBSFpCpr+oVO0F744iUgR82nJMfG2SA==}

  fx@35.0.0:
    resolution: {integrity: sha512-O07q+Lknrom5RUX/u53tjo2KTTLUnL0K703JbqMYb19ORijfJNvijzFqqYXEjdk25T9R14S6t6wHD8fCWXCM0g==}
    hasBin: true

  get-intrinsic@1.2.7:
    resolution: {integrity: sha512-VW6Pxhsrk0KAOqs3WEd0klDiF/+V7gQOpAvY1jVU/LHmaD/kQO4523aiJuikX/QAKYiW6x8Jh+RJej1almdtCA==}
    engines: {node: '>= 0.4'}

  get-intrinsic@1.3.0:
    resolution: {integrity: sha512-9fSjSaos/fRIVIp+xSJlE6lfwhES7LNtKaCBIamHsjr2na1BiABJPo0mOjjz8GJDURarmCPGqaiVg5mfjb98CQ==}
    engines: {node: '>= 0.4'}

  get-proto@1.0.1:
    resolution: {integrity: sha512-sTSfBjoXBp89JvIKIefqw7U2CCebsc74kiY6awiGogKtoSGbgjYE/G/+l9sF3MWFPNc9IcoOC4ODfKHfxFmp0g==}
    engines: {node: '>= 0.4'}

  get-tsconfig@4.12.0:
    resolution: {integrity: sha512-LScr2aNr2FbjAjZh2C6X6BxRx1/x+aTDExct/xyq2XKbYOiG5c0aK7pMsSuyc0brz3ibr/lbQiHD9jzt4lccJw==}

  glob-parent@5.1.2:
    resolution: {integrity: sha512-AOIgSQCepiJYwP3ARnGx+5VnTu2HBYdzbGP45eLw1vr3zB3vZLeyed1sC9hnbcOc9/SrMyM5RPQrkGz4aS9Zow==}
    engines: {node: '>= 6'}

  globby@13.2.2:
    resolution: {integrity: sha512-Y1zNGV+pzQdh7H39l9zgB4PJqjRNqydvdYCDG4HFXM4XuvSaQQlEc91IU1yALL8gUTDomgBAfz3XJdmUS+oo0w==}
    engines: {node: ^12.20.0 || ^14.13.1 || >=16.0.0}

  gopd@1.2.0:
    resolution: {integrity: sha512-ZUKRh6/kUFoAiTAtTYPZJ3hw9wNxx+BIBOijnlG9PnrJsCcSjs1wyyD6vJpaYtgnzDrKYRSqf3OO6Rfa93xsRg==}
    engines: {node: '>= 0.4'}

  graceful-fs@4.2.11:
    resolution: {integrity: sha512-RbJ5/jmFcNNCcDV5o9eTnBLJ/HszWV0P73bc+Ff4nS/rJj+YaS6IGyiOL0VoBYX+l1Wrl3k63h/KrH+nhJ0XvQ==}

  has-property-descriptors@1.0.2:
    resolution: {integrity: sha512-55JNKuIW+vq4Ke1BjOTjM2YctQIvCT7GFzHwmfZPGo5wnrgkid0YQtnAleFSqumZm4az3n2BS+erby5ipJdgrg==}

  has-symbols@1.1.0:
    resolution: {integrity: sha512-1cDNdwJ2Jaohmb3sg4OmKaMBwuC48sYni5HUw2DvsC8LjGTLK9h+eb1X6RyuOHe4hT0ULCW68iomhjUoKUqlPQ==}
    engines: {node: '>= 0.4'}

  hasown@2.0.2:
    resolution: {integrity: sha512-0hJU9SCPvmMzIBdZFqNPXWa6dqh7WdH0cII9y+CyS8rG3nL48Bclra9HmKhVVUHyPWNH5Y7xDwAB7bfgSjkUMQ==}
    engines: {node: '>= 0.4'}

  ignore@5.3.2:
    resolution: {integrity: sha512-hsBTNUqQTDwkWtcdYI2i06Y/nUBEsNEDJKjWdigLvegy8kDuJAS8uRlpkkcQpyEXL0Z/pjDy5HBmMjRCJ2gq+g==}
    engines: {node: '>= 4'}

  is-extglob@2.1.1:
    resolution: {integrity: sha512-SbKbANkN603Vi4jEZv49LeVJMn4yGwsbzZworEoyEiutsN3nJYdbO36zfhGJ6QEDpOZIFkDtnq5JRxmvl3jsoQ==}
    engines: {node: '>=0.10.0'}

  is-glob@4.0.3:
    resolution: {integrity: sha512-xelSayHH36ZgE7ZWhli7pW34hNbNl8Ojv5KVmkJD4hBdD3th8Tfk9vYasLM+mXWOZhFkgZfxhLSnrwRr4elSSg==}
    engines: {node: '>=0.10.0'}

  is-number@7.0.0:
    resolution: {integrity: sha512-41Cifkg6e8TylSpdtTpeLVMqvSBEVzTttHvERD741+pnZ8ANv0004MRL43QKPDlK9cGvNp6NZWZUBlbGXYxxng==}
    engines: {node: '>=0.12.0'}

  isarray@2.0.5:
    resolution: {integrity: sha512-xHjhDr3cNBK0BzdUJSPXZntQUx/mwMS5Rw4A7lPJ90XGAO6ISP/ePDNuo0vhqOZU+UD5JoodwCAAoZQd3FeAKw==}

  isexe@2.0.0:
    resolution: {integrity: sha512-RHxMLp9lnKHGHRng9QFhRCMbYAcVpn69smSGcq3f36xjgVVWThj4qqLbTLlq7Ssj8B+fIQ1EuCEGI2lKsyQeIw==}

  json-stable-stringify@1.2.1:
    resolution: {integrity: sha512-Lp6HbbBgosLmJbjx0pBLbgvx68FaFU1sdkmBuckmhhJ88kL13OA51CDtR2yJB50eCNMH9wRqtQNNiAqQH4YXnA==}
    engines: {node: '>= 0.4'}

  json-stable-stringify@1.3.0:
    resolution: {integrity: sha512-qtYiSSFlwot9XHtF9bD9c7rwKjr+RecWT//ZnPvSmEjpV5mmPOCN4j8UjY5hbjNkOwZ/jQv3J6R1/pL7RwgMsg==}
    engines: {node: '>= 0.4'}

  jsonfile@6.1.0:
    resolution: {integrity: sha512-5dgndWOriYSm5cnYaJNhalLNDKOqFwyDB/rr1E9ZsGciGvKPs8R2xYGCacuf3z6K1YKDz182fd+fY3cn3pMqXQ==}

  jsonify@0.0.1:
    resolution: {integrity: sha512-2/Ki0GcmuqSrgFyelQq9M05y7PS0mEwuIzrf3f1fPqkVDVRvZrPZtVSMHxdgo8Aq0sxAOb/cr2aqqA3LeWHVPg==}

  kleur@3.0.3:
    resolution: {integrity: sha512-eTIzlVOSUR+JxdDFepEYcBMtZ9Qqdef+rnzWdRZuMbOywu5tO2w2N7rqjoANZ5k9vywhL6Br1VRjUIgTQx4E8w==}
    engines: {node: '>=6'}

  map-stream@0.1.0:
    resolution: {integrity: sha512-CkYQrPYZfWnu/DAmVCpTSX/xHpKZ80eKh2lAkyA6AJTef6bW+6JpbQZN5rofum7da+SyN1bi5ctTm+lTfcCW3g==}

  math-intrinsics@1.1.0:
    resolution: {integrity: sha512-/IXtbwEk5HTPyEwyKX6hGkYXxM9nbj64B+ilVJnC/R6B0pH5G4V3b0pVbL7DBj4tkhBAppbQUlf6F6Xl9LHu1g==}
    engines: {node: '>= 0.4'}

  merge2@1.4.1:
    resolution: {integrity: sha512-8q7VEgMJW4J8tcfVPy8g09NcQwZdbwFEqhe/WZkoIzjn/3TGDwtOCYtXGxA3O8tPzpczCCDgv+P2P5y00ZJOOg==}
    engines: {node: '>= 8'}

  micromatch@4.0.8:
    resolution: {integrity: sha512-PXwfBhYu0hBCPw8Dn0E+WDYb7af3dSLVWKi3HGv84IdF4TyFoC0ysxFd0Goxw7nSv4T/PzEJQxsYsEiFCKo2BA==}
    engines: {node: '>=8.6'}

  minimist@1.2.8:
    resolution: {integrity: sha512-2yyAR8qBkN3YuheJanUpWC5U3bb5osDywNB8RzDVlDwDHbocAJveqqj1u8+SVD7jkWT4yvsHCpWqqWqAxb0zCA==}

  node-domexception@1.0.0:
    resolution: {integrity: sha512-/jKZoMpw0F8GRwl4/eLROPA3cfcXtLApP0QzLmUT/HuPCZWyB7IY9ZrMeKw2O/nFIqPQB3PVM9aYm0F312AXDQ==}
    engines: {node: '>=10.5.0'}
    deprecated: Use your platform's native DOMException instead

  node-fetch@3.3.1:
    resolution: {integrity: sha512-cRVc/kyto/7E5shrWca1Wsea4y6tL9iYJE5FBCius3JQfb/4P4I295PfhgbJQBLTx6lATE4z+wK0rPM4VS2uow==}
    engines: {node: ^12.20.0 || ^14.13.1 || >=16.0.0}

  nunjucks@3.2.4:
    resolution: {integrity: sha512-26XRV6BhkgK0VOxfbU5cQI+ICFUtMLixv1noZn1tGU38kQH5A5nmmbk/O45xdyBhD1esk47nKrY0mvQpZIhRjQ==}
    engines: {node: '>= 6.9.0'}
    hasBin: true
    peerDependencies:
      chokidar: ^3.3.0
    peerDependenciesMeta:
      chokidar:
        optional: true

  object-keys@1.1.1:
    resolution: {integrity: sha512-NuAESUOUMrlIXOfHKzD6bpPu3tYt3xvjNdRIQ+FeT0lNb4K8WR70CaDxhuNguS2XG+GjkyMwOzsN5ZktImfhLA==}
    engines: {node: '>= 0.4'}

  path-type@4.0.0:
    resolution: {integrity: sha512-gDKb8aZMDeD/tZWs9P6+q0J9Mwkdl6xMV8TjnGP3qJVJ06bdMgkbBlLU8IdfOsIsFz2BW1rNVT3XuNEl8zPAvw==}
    engines: {node: '>=8'}

  pause-stream@0.0.11:
    resolution: {integrity: sha512-e3FBlXLmN/D1S+zHzanP4E/4Z60oFAa3O051qt1pxa7DEJWKAyil6upYVXCWadEnuoqa4Pkc9oUx9zsxYeRv8A==}

  picocolors@1.1.1:
    resolution: {integrity: sha512-xceH2snhtb5M9liqDsmEw56le376mTZkEX/jEb/RxNFyegNul7eNslCXP9FDj/Lcu0X8KEyMceP2ntpaHrDEVA==}

  picomatch@2.3.1:
    resolution: {integrity: sha512-JU3teHTNjmE2VCGFzuY8EXzCDVwEqB2a8fsIvwaStHhAWJEeVd1o1QD80CU6+ZdEXXSLbSsuLwJjkCBWqRQUVA==}
    engines: {node: '>=8.6'}

  prettier@3.6.2:
    resolution: {integrity: sha512-I7AIg5boAr5R0FFtJ6rCfD+LFsWHp81dolrFD8S79U9tb8Az2nGrJncnMSnys+bpQJfRUzqs9hnA81OAA3hCuQ==}
    engines: {node: '>=14'}
    hasBin: true

  prompts@2.4.2:
    resolution: {integrity: sha512-NxNv/kLguCA7p3jE8oL2aEBsrJWgAakBpgmgK6lpPWV+WuOmY6r2/zbAVnP+T8bQlA0nzHXSJSJW0Hq7ylaD2Q==}
    engines: {node: '>= 6'}

  ps-tree@1.2.0:
    resolution: {integrity: sha512-0VnamPPYHl4uaU/nSFeZZpR21QAWRz+sRv4iW9+v/GS/J5U5iZB5BNN6J0RMoOvdx2gWM2+ZFMIm58q24e4UYA==}
    engines: {node: '>= 0.10'}
    hasBin: true

  queue-microtask@1.2.3:
    resolution: {integrity: sha512-NuaNSa6flKT5JaSYQzJok04JzTL1CA6aGhv5rfLW3PgqA+M2ChpZQnAC8h8i4ZFkBS8X5RqkDBHA7r4hej3K9A==}

  resolve-pkg-maps@1.0.0:
    resolution: {integrity: sha512-seS2Tj26TBVOC2NIc2rOe2y2ZO7efxITtLZcGSOnHHNOQ7CkiUBfw0Iw2ck6xkIhPwLhKNLS8BO+hEpngQlqzw==}

  reusify@1.0.4:
    resolution: {integrity: sha512-U9nH88a3fc/ekCF1l0/UP1IosiuIjyTh7hBvXVMHYgVcfGvt897Xguj2UOLDeI5BG2m7/uwyaLVT6fbtCwTyzw==}
    engines: {iojs: '>=1.0.0', node: '>=0.10.0'}

  run-parallel@1.2.0:
    resolution: {integrity: sha512-5l4VyZR86LZ/lDxZTR6jqL8AFE2S0IFLMP26AbjsLVADxHdhB/c0GUsH+y39UfCi3dzz8OlQuPmnaJOMoDHQBA==}

  set-function-length@1.2.2:
    resolution: {integrity: sha512-pgRc4hJ4/sNjWCSS9AmnS40x3bNMDTknHgL5UaMBTMyJnU90EgWh1Rz+MC9eFu4BuN/UwZjKQuY/1v3rM7HMfg==}
    engines: {node: '>= 0.4'}

  sisteransi@1.0.5:
    resolution: {integrity: sha512-bLGGlR1QxBcynn2d5YmDX4MGjlZvy2MRBDRNHLJ8VI6l6+9FUiyTFNJ0IveOSP0bcXgVDPRcfGqA0pjaqUpfVg==}

  slash@4.0.0:
    resolution: {integrity: sha512-3dOsAHXXUkQTpOYcoAxLIorMTp4gIQr5IW3iVb7A7lFIp0VHhnynm9izx6TssdrIcVIESAlVjtnO2K8bg+Coew==}
    engines: {node: '>=12'}

  split@0.3.3:
    resolution: {integrity: sha512-wD2AeVmxXRBoX44wAycgjVpMhvbwdI2aZjCkvfNcH1YqHQvJVa1duWc73OyVGJUc05fhFaTZeQ/PYsrmyH0JVA==}

  stream-combiner@0.0.4:
    resolution: {integrity: sha512-rT00SPnTVyRsaSz5zgSPma/aHSOic5U1prhYdRy5HS2kTZviFpmDgzilbtsJsxiroqACmayynDN/9VzIbX5DOw==}

  through@2.3.8:
    resolution: {integrity: sha512-w89qg7PI8wAdvX60bMDP+bFoD5Dvhm9oLheFp5O4a2QF0cSBGsBX4qZmadPMvVqlLJBBci+WqGGOAPvcDeNSVg==}

  to-regex-range@5.0.1:
    resolution: {integrity: sha512-65P7iz6X5yEr1cwcgvQxbbIw7Uk3gOy5dIdtZ4rDveLqhrdJP+Li/Hx6tyK0NEb+2GCyneCMJiGqrADCSNk8sQ==}
    engines: {node: '>=8.0'}

  tsx@4.20.6:
    resolution: {integrity: sha512-ytQKuwgmrrkDTFP4LjR0ToE2nqgy886GpvRSpU0JAnrdBYppuY5rLkRUYPU1yCryb24SsKBTL/hlDQAEFVwtZg==}
    engines: {node: '>=18.0.0'}
    hasBin: true

  typescript@5.6.3:
    resolution: {integrity: sha512-hjcS1mhfuyi4WW8IWtjP7brDrG2cuDZukyrYrSauoXGNgx0S7zceP07adYkJycEr56BOUTNPzbInooiN3fn1qw==}
    engines: {node: '>=14.17'}
    hasBin: true

  undici-types@5.26.5:
    resolution: {integrity: sha512-JlCMO+ehdEIKqlFxk6IfVoAUVmgz7cU7zD/h9XZ0qzeosSHmUJVOzSQvvYSYWXkFXC+IfLKSIffhv0sVZup6pA==}

  universalify@2.0.1:
    resolution: {integrity: sha512-gptHNQghINnc/vTGIk0SOFGFNXw7JVrlRUtConJRlvaw6DuX0wO5Jeko9sWrMBhh+PsYAZ7oXAiOnf/UKogyiw==}
    engines: {node: '>= 10.0.0'}

  web-streams-polyfill@3.3.3:
    resolution: {integrity: sha512-d2JWLCivmZYTSIoge9MsgFCZrt571BikcWGYkjC1khllbTeDlGqZ2D8vD8E/lJa8WGWbb7Plm8/XJYV7IJHZZw==}
    engines: {node: '>= 8'}

  webpod@0.0.2:
    resolution: {integrity: sha512-cSwwQIeg8v4i3p4ajHhwgR7N6VyxAf+KYSSsY6Pd3aETE+xEU4vbitz7qQkB0I321xnhDdgtxuiSfk5r/FVtjg==}
    hasBin: true

  which@3.0.1:
    resolution: {integrity: sha512-XA1b62dzQzLfaEOSQFTCOd5KFf/1VSzZo7/7TUjnya6u0vGGKzU96UQBZTAThCb2j4/xjBAyii1OhRLJEivHvg==}
    engines: {node: ^14.17.0 || ^16.13.0 || >=18.0.0}
    hasBin: true

  yaml@2.6.0:
    resolution: {integrity: sha512-a6ae//JvKDEra2kdi1qzCyrJW/WZCgFi8ydDV+eXExl95t+5R+ijnqHJbz9tmMh8FUjx3iv2fCQ4dclAQlO2UQ==}
    engines: {node: '>= 14'}
    hasBin: true

  zx@7.2.3:
    resolution: {integrity: sha512-QODu38nLlYXg/B/Gw7ZKiZrvPkEsjPN3LQ5JFXM7h0JvwhEdPNNl+4Ao1y4+o3CLNiDUNcwzQYZ4/Ko7kKzCMA==}
    engines: {node: '>= 16.0.0'}
    hasBin: true

snapshots:

  '@codama/cli@1.3.1':
    dependencies:
      '@codama/nodes': 1.3.3
      '@codama/visitors': 1.3.3
      '@codama/visitors-core': 1.3.3
      commander: 14.0.0
      picocolors: 1.1.1
      prompts: 2.4.2

  '@codama/errors@1.2.8':
    dependencies:
      '@codama/node-types': 1.2.8
      chalk: 5.4.1
      commander: 13.1.0

  '@codama/errors@1.3.3':
    dependencies:
      '@codama/node-types': 1.3.3
      chalk: 5.6.0
      commander: 14.0.0

  '@codama/node-types@1.2.8': {}

  '@codama/node-types@1.3.3': {}

  '@codama/nodes-from-anchor@1.2.5(fastestsmallesttextencoderdecoder@1.0.22)(typescript@5.6.3)':
    dependencies:
      '@codama/errors': 1.3.3
      '@codama/nodes': 1.3.3
      '@codama/visitors': 1.3.3
      '@noble/hashes': 1.8.0
      '@solana/codecs': 2.3.0(fastestsmallesttextencoderdecoder@1.0.22)(typescript@5.6.3)
    transitivePeerDependencies:
      - fastestsmallesttextencoderdecoder
      - typescript

  '@codama/nodes@1.2.8':
    dependencies:
      '@codama/errors': 1.2.8
      '@codama/node-types': 1.2.8

  '@codama/nodes@1.3.3':
    dependencies:
      '@codama/errors': 1.3.3
      '@codama/node-types': 1.3.3

  '@codama/renderers-core@1.0.10':
    dependencies:
      '@codama/errors': 1.2.8
      '@codama/nodes': 1.2.8
      '@codama/visitors-core': 1.2.8

  '@codama/renderers-core@1.0.19':
    dependencies:
      '@codama/errors': 1.3.3
      '@codama/nodes': 1.3.3
      '@codama/visitors-core': 1.3.3

  '@codama/renderers-js@1.3.4(fastestsmallesttextencoderdecoder@1.0.22)(typescript@5.6.3)':
    dependencies:
      '@codama/errors': 1.3.3
      '@codama/nodes': 1.3.3
      '@codama/renderers-core': 1.0.19
      '@codama/visitors-core': 1.3.3
      '@solana/codecs-strings': 2.3.0(fastestsmallesttextencoderdecoder@1.0.22)(typescript@5.6.3)
      nunjucks: 3.2.4
      prettier: 3.6.2
    transitivePeerDependencies:
      - chokidar
      - fastestsmallesttextencoderdecoder
      - typescript

  '@codama/renderers-rust@1.0.16(fastestsmallesttextencoderdecoder@1.0.22)(typescript@5.6.3)':
    dependencies:
      '@codama/errors': 1.2.8
      '@codama/nodes': 1.2.8
      '@codama/renderers-core': 1.0.10
      '@codama/visitors-core': 1.2.8
      '@solana/codecs-strings': 2.0.0-rc.4(fastestsmallesttextencoderdecoder@1.0.22)(typescript@5.6.3)
      nunjucks: 3.2.4
    transitivePeerDependencies:
      - chokidar
      - fastestsmallesttextencoderdecoder
      - typescript

  '@codama/validators@1.3.3':
    dependencies:
      '@codama/errors': 1.3.3
      '@codama/nodes': 1.3.3
      '@codama/visitors-core': 1.3.3

  '@codama/visitors-core@1.2.8':
    dependencies:
      '@codama/errors': 1.2.8
      '@codama/nodes': 1.2.8
      json-stable-stringify: 1.2.1

  '@codama/visitors-core@1.3.3':
    dependencies:
      '@codama/errors': 1.3.3
      '@codama/nodes': 1.3.3
      json-stable-stringify: 1.3.0

  '@codama/visitors@1.3.3':
    dependencies:
      '@codama/errors': 1.3.3
      '@codama/nodes': 1.3.3
      '@codama/visitors-core': 1.3.3

  '@esbuild/aix-ppc64@0.25.10':
    optional: true

  '@esbuild/android-arm64@0.25.10':
    optional: true

  '@esbuild/android-arm@0.25.10':
    optional: true

  '@esbuild/android-x64@0.25.10':
    optional: true

  '@esbuild/darwin-arm64@0.25.10':
    optional: true

  '@esbuild/darwin-x64@0.25.10':
    optional: true

  '@esbuild/freebsd-arm64@0.25.10':
    optional: true

  '@esbuild/freebsd-x64@0.25.10':
    optional: true

  '@esbuild/linux-arm64@0.25.10':
    optional: true

  '@esbuild/linux-arm@0.25.10':
    optional: true

  '@esbuild/linux-ia32@0.25.10':
    optional: true

  '@esbuild/linux-loong64@0.25.10':
    optional: true

  '@esbuild/linux-mips64el@0.25.10':
    optional: true

  '@esbuild/linux-ppc64@0.25.10':
    optional: true

  '@esbuild/linux-riscv64@0.25.10':
    optional: true

  '@esbuild/linux-s390x@0.25.10':
    optional: true

  '@esbuild/linux-x64@0.25.10':
    optional: true

  '@esbuild/netbsd-arm64@0.25.10':
    optional: true

  '@esbuild/netbsd-x64@0.25.10':
    optional: true

  '@esbuild/openbsd-arm64@0.25.10':
    optional: true

  '@esbuild/openbsd-x64@0.25.10':
    optional: true

  '@esbuild/openharmony-arm64@0.25.10':
    optional: true

  '@esbuild/sunos-x64@0.25.10':
    optional: true

  '@esbuild/win32-arm64@0.25.10':
    optional: true

  '@esbuild/win32-ia32@0.25.10':
    optional: true

  '@esbuild/win32-x64@0.25.10':
    optional: true

  '@iarna/toml@2.2.5': {}

  '@noble/hashes@1.8.0': {}

  '@nodelib/fs.scandir@2.1.5':
    dependencies:
      '@nodelib/fs.stat': 2.0.5
      run-parallel: 1.2.0

  '@nodelib/fs.stat@2.0.5': {}

  '@nodelib/fs.walk@1.2.8':
    dependencies:
      '@nodelib/fs.scandir': 2.1.5
      fastq: 1.17.1

  '@solana/codecs-core@2.0.0-rc.4(typescript@5.6.3)':
    dependencies:
      '@solana/errors': 2.0.0-rc.4(typescript@5.6.3)
      typescript: 5.6.3

  '@solana/codecs-core@2.3.0(typescript@5.6.3)':
    dependencies:
      '@solana/errors': 2.3.0(typescript@5.6.3)
      typescript: 5.6.3

  '@solana/codecs-data-structures@2.3.0(typescript@5.6.3)':
    dependencies:
      '@solana/codecs-core': 2.3.0(typescript@5.6.3)
      '@solana/codecs-numbers': 2.3.0(typescript@5.6.3)
      '@solana/errors': 2.3.0(typescript@5.6.3)
      typescript: 5.6.3

  '@solana/codecs-numbers@2.0.0-rc.4(typescript@5.6.3)':
    dependencies:
      '@solana/codecs-core': 2.0.0-rc.4(typescript@5.6.3)
      '@solana/errors': 2.0.0-rc.4(typescript@5.6.3)
      typescript: 5.6.3

  '@solana/codecs-numbers@2.3.0(typescript@5.6.3)':
    dependencies:
      '@solana/codecs-core': 2.3.0(typescript@5.6.3)
      '@solana/errors': 2.3.0(typescript@5.6.3)
      typescript: 5.6.3

  '@solana/codecs-strings@2.0.0-rc.4(fastestsmallesttextencoderdecoder@1.0.22)(typescript@5.6.3)':
    dependencies:
      '@solana/codecs-core': 2.0.0-rc.4(typescript@5.6.3)
      '@solana/codecs-numbers': 2.0.0-rc.4(typescript@5.6.3)
      '@solana/errors': 2.0.0-rc.4(typescript@5.6.3)
      fastestsmallesttextencoderdecoder: 1.0.22
      typescript: 5.6.3

  '@solana/codecs-strings@2.3.0(fastestsmallesttextencoderdecoder@1.0.22)(typescript@5.6.3)':
    dependencies:
      '@solana/codecs-core': 2.3.0(typescript@5.6.3)
      '@solana/codecs-numbers': 2.3.0(typescript@5.6.3)
      '@solana/errors': 2.3.0(typescript@5.6.3)
      fastestsmallesttextencoderdecoder: 1.0.22
      typescript: 5.6.3

  '@solana/codecs@2.3.0(fastestsmallesttextencoderdecoder@1.0.22)(typescript@5.6.3)':
    dependencies:
      '@solana/codecs-core': 2.3.0(typescript@5.6.3)
      '@solana/codecs-data-structures': 2.3.0(typescript@5.6.3)
      '@solana/codecs-numbers': 2.3.0(typescript@5.6.3)
      '@solana/codecs-strings': 2.3.0(fastestsmallesttextencoderdecoder@1.0.22)(typescript@5.6.3)
      '@solana/options': 2.3.0(fastestsmallesttextencoderdecoder@1.0.22)(typescript@5.6.3)
      typescript: 5.6.3
    transitivePeerDependencies:
      - fastestsmallesttextencoderdecoder

  '@solana/errors@2.0.0-rc.4(typescript@5.6.3)':
    dependencies:
      chalk: 5.6.0
      commander: 12.1.0
      typescript: 5.6.3

  '@solana/errors@2.3.0(typescript@5.6.3)':
    dependencies:
      chalk: 5.4.1
      commander: 14.0.0
      typescript: 5.6.3

  '@solana/options@2.3.0(fastestsmallesttextencoderdecoder@1.0.22)(typescript@5.6.3)':
    dependencies:
      '@solana/codecs-core': 2.3.0(typescript@5.6.3)
      '@solana/codecs-data-structures': 2.3.0(typescript@5.6.3)
      '@solana/codecs-numbers': 2.3.0(typescript@5.6.3)
      '@solana/codecs-strings': 2.3.0(fastestsmallesttextencoderdecoder@1.0.22)(typescript@5.6.3)
      '@solana/errors': 2.3.0(typescript@5.6.3)
      typescript: 5.6.3
    transitivePeerDependencies:
      - fastestsmallesttextencoderdecoder

  '@types/fs-extra@11.0.4':
    dependencies:
      '@types/jsonfile': 6.1.4
      '@types/node': 18.19.56

  '@types/jsonfile@6.1.4':
    dependencies:
      '@types/node': 18.19.56

  '@types/minimist@1.2.5': {}

  '@types/node@18.19.56':
    dependencies:
      undici-types: 5.26.5

  '@types/ps-tree@1.1.6': {}

  '@types/which@3.0.4': {}

  a-sync-waterfall@1.0.1: {}

  asap@2.0.6: {}

  braces@3.0.3:
    dependencies:
      fill-range: 7.1.1

  call-bind-apply-helpers@1.0.1:
    dependencies:
      es-errors: 1.3.0
      function-bind: 1.1.2

  call-bind-apply-helpers@1.0.2:
    dependencies:
      es-errors: 1.3.0
      function-bind: 1.1.2

  call-bind@1.0.8:
    dependencies:
      call-bind-apply-helpers: 1.0.1
      es-define-property: 1.0.1
      get-intrinsic: 1.2.7
      set-function-length: 1.2.2

  call-bound@1.0.3:
    dependencies:
      call-bind-apply-helpers: 1.0.1
      get-intrinsic: 1.2.7

  call-bound@1.0.4:
    dependencies:
      call-bind-apply-helpers: 1.0.2
      get-intrinsic: 1.3.0

  chalk@5.3.0: {}

  chalk@5.4.1: {}

  chalk@5.6.0: {}

  codama@1.3.3:
    dependencies:
      '@codama/cli': 1.3.1
      '@codama/errors': 1.3.3
      '@codama/nodes': 1.3.3
      '@codama/validators': 1.3.3
      '@codama/visitors': 1.3.3

  commander@12.1.0: {}

  commander@13.1.0: {}

  commander@14.0.0: {}

  commander@5.1.0: {}

  data-uri-to-buffer@4.0.1: {}

  define-data-property@1.1.4:
    dependencies:
      es-define-property: 1.0.1
      es-errors: 1.3.0
      gopd: 1.2.0

  dir-glob@3.0.1:
    dependencies:
      path-type: 4.0.0

  dunder-proto@1.0.1:
    dependencies:
      call-bind-apply-helpers: 1.0.1
      es-errors: 1.3.0
      gopd: 1.2.0

  duplexer@0.1.2: {}

  es-define-property@1.0.1: {}

  es-errors@1.3.0: {}

  es-object-atoms@1.1.1:
    dependencies:
      es-errors: 1.3.0

  esbuild@0.25.10:
    optionalDependencies:
      '@esbuild/aix-ppc64': 0.25.10
      '@esbuild/android-arm': 0.25.10
      '@esbuild/android-arm64': 0.25.10
      '@esbuild/android-x64': 0.25.10
      '@esbuild/darwin-arm64': 0.25.10
      '@esbuild/darwin-x64': 0.25.10
      '@esbuild/freebsd-arm64': 0.25.10
      '@esbuild/freebsd-x64': 0.25.10
      '@esbuild/linux-arm': 0.25.10
      '@esbuild/linux-arm64': 0.25.10
      '@esbuild/linux-ia32': 0.25.10
      '@esbuild/linux-loong64': 0.25.10
      '@esbuild/linux-mips64el': 0.25.10
      '@esbuild/linux-ppc64': 0.25.10
      '@esbuild/linux-riscv64': 0.25.10
      '@esbuild/linux-s390x': 0.25.10
      '@esbuild/linux-x64': 0.25.10
      '@esbuild/netbsd-arm64': 0.25.10
      '@esbuild/netbsd-x64': 0.25.10
      '@esbuild/openbsd-arm64': 0.25.10
      '@esbuild/openbsd-x64': 0.25.10
      '@esbuild/openharmony-arm64': 0.25.10
      '@esbuild/sunos-x64': 0.25.10
      '@esbuild/win32-arm64': 0.25.10
      '@esbuild/win32-ia32': 0.25.10
      '@esbuild/win32-x64': 0.25.10

  event-stream@3.3.4:
    dependencies:
      duplexer: 0.1.2
      from: 0.1.7
      map-stream: 0.1.0
      pause-stream: 0.0.11
      split: 0.3.3
      stream-combiner: 0.0.4
      through: 2.3.8

  fast-glob@3.3.2:
    dependencies:
      '@nodelib/fs.stat': 2.0.5
      '@nodelib/fs.walk': 1.2.8
      glob-parent: 5.1.2
      merge2: 1.4.1
      micromatch: 4.0.8

  fastestsmallesttextencoderdecoder@1.0.22: {}

  fastq@1.17.1:
    dependencies:
      reusify: 1.0.4

  fetch-blob@3.2.0:
    dependencies:
      node-domexception: 1.0.0
      web-streams-polyfill: 3.3.3

  fill-range@7.1.1:
    dependencies:
      to-regex-range: 5.0.1

  formdata-polyfill@4.0.10:
    dependencies:
      fetch-blob: 3.2.0

  from@0.1.7: {}

  fs-extra@11.2.0:
    dependencies:
      graceful-fs: 4.2.11
      jsonfile: 6.1.0
      universalify: 2.0.1

  fsevents@2.3.3:
    optional: true

  function-bind@1.1.2: {}

  fx@35.0.0: {}

  get-intrinsic@1.2.7:
    dependencies:
      call-bind-apply-helpers: 1.0.1
      es-define-property: 1.0.1
      es-errors: 1.3.0
      es-object-atoms: 1.1.1
      function-bind: 1.1.2
      get-proto: 1.0.1
      gopd: 1.2.0
      has-symbols: 1.1.0
      hasown: 2.0.2
      math-intrinsics: 1.1.0

  get-intrinsic@1.3.0:
    dependencies:
      call-bind-apply-helpers: 1.0.2
      es-define-property: 1.0.1
      es-errors: 1.3.0
      es-object-atoms: 1.1.1
      function-bind: 1.1.2
      get-proto: 1.0.1
      gopd: 1.2.0
      has-symbols: 1.1.0
      hasown: 2.0.2
      math-intrinsics: 1.1.0

  get-proto@1.0.1:
    dependencies:
      dunder-proto: 1.0.1
      es-object-atoms: 1.1.1

  get-tsconfig@4.12.0:
    dependencies:
      resolve-pkg-maps: 1.0.0

  glob-parent@5.1.2:
    dependencies:
      is-glob: 4.0.3

  globby@13.2.2:
    dependencies:
      dir-glob: 3.0.1
      fast-glob: 3.3.2
      ignore: 5.3.2
      merge2: 1.4.1
      slash: 4.0.0

  gopd@1.2.0: {}

  graceful-fs@4.2.11: {}

  has-property-descriptors@1.0.2:
    dependencies:
      es-define-property: 1.0.1

  has-symbols@1.1.0: {}

  hasown@2.0.2:
    dependencies:
      function-bind: 1.1.2

  ignore@5.3.2: {}

  is-extglob@2.1.1: {}

  is-glob@4.0.3:
    dependencies:
      is-extglob: 2.1.1

  is-number@7.0.0: {}

  isarray@2.0.5: {}

  isexe@2.0.0: {}

  json-stable-stringify@1.2.1:
    dependencies:
      call-bind: 1.0.8
      call-bound: 1.0.3
      isarray: 2.0.5
      jsonify: 0.0.1
      object-keys: 1.1.1

  json-stable-stringify@1.3.0:
    dependencies:
      call-bind: 1.0.8
      call-bound: 1.0.4
      isarray: 2.0.5
      jsonify: 0.0.1
      object-keys: 1.1.1

  jsonfile@6.1.0:
    dependencies:
      universalify: 2.0.1
    optionalDependencies:
      graceful-fs: 4.2.11

  jsonify@0.0.1: {}

  kleur@3.0.3: {}

  map-stream@0.1.0: {}

  math-intrinsics@1.1.0: {}

  merge2@1.4.1: {}

  micromatch@4.0.8:
    dependencies:
      braces: 3.0.3
      picomatch: 2.3.1

  minimist@1.2.8: {}

  node-domexception@1.0.0: {}

  node-fetch@3.3.1:
    dependencies:
      data-uri-to-buffer: 4.0.1
      fetch-blob: 3.2.0
      formdata-polyfill: 4.0.10

  nunjucks@3.2.4:
    dependencies:
      a-sync-waterfall: 1.0.1
      asap: 2.0.6
      commander: 5.1.0

  object-keys@1.1.1: {}

  path-type@4.0.0: {}

  pause-stream@0.0.11:
    dependencies:
      through: 2.3.8

  picocolors@1.1.1: {}

  picomatch@2.3.1: {}

  prettier@3.6.2: {}

  prompts@2.4.2:
    dependencies:
      kleur: 3.0.3
      sisteransi: 1.0.5

  ps-tree@1.2.0:
    dependencies:
      event-stream: 3.3.4

  queue-microtask@1.2.3: {}

  resolve-pkg-maps@1.0.0: {}

  reusify@1.0.4: {}

  run-parallel@1.2.0:
    dependencies:
      queue-microtask: 1.2.3

  set-function-length@1.2.2:
    dependencies:
      define-data-property: 1.1.4
      es-errors: 1.3.0
      function-bind: 1.1.2
      get-intrinsic: 1.2.7
      gopd: 1.2.0
      has-property-descriptors: 1.0.2

  sisteransi@1.0.5: {}

  slash@4.0.0: {}

  split@0.3.3:
    dependencies:
      through: 2.3.8

  stream-combiner@0.0.4:
    dependencies:
      duplexer: 0.1.2

  through@2.3.8: {}

  to-regex-range@5.0.1:
    dependencies:
      is-number: 7.0.0

  tsx@4.20.6:
    dependencies:
      esbuild: 0.25.10
      get-tsconfig: 4.12.0
    optionalDependencies:
      fsevents: 2.3.3

  typescript@5.6.3: {}

  undici-types@5.26.5: {}

  universalify@2.0.1: {}

  web-streams-polyfill@3.3.3: {}

  webpod@0.0.2: {}

  which@3.0.1:
    dependencies:
      isexe: 2.0.0

  yaml@2.6.0: {}

  zx@7.2.3:
    dependencies:
      '@types/fs-extra': 11.0.4
      '@types/minimist': 1.2.5
      '@types/node': 18.19.56
      '@types/ps-tree': 1.1.6
      '@types/which': 3.0.4
      chalk: 5.3.0
      fs-extra: 11.2.0
      fx: 35.0.0
      globby: 13.2.2
      minimist: 1.2.8
      node-fetch: 3.3.1
      ps-tree: 1.2.0
      webpod: 0.0.2
      which: 3.0.1
      yaml: 2.6.0
